// !$*UTF8*$!
{
	archiveVersion = 1;
	classes = {
	};
	objectVersion = 56;
	objects = {

/* Begin PBXBuildFile section */
		2B993330299AFFA0004FB801 /* NetworkService.swift in Sources */ = {isa = PBXBuildFile; fileRef = 2B99332F299AFFA0004FB801 /* NetworkService.swift */; };
		2B993332299B008B004FB801 /* DataTransferService.swift in Sources */ = {isa = PBXBuildFile; fileRef = 2B993331299B008B004FB801 /* DataTransferService.swift */; };
		2B993334299B00C7004FB801 /* Endpoint.swift in Sources */ = {isa = PBXBuildFile; fileRef = 2B993333299B00C7004FB801 /* Endpoint.swift */; };
		2B993336299B00DF004FB801 /* NetworkConfig.swift in Sources */ = {isa = PBXBuildFile; fileRef = 2B993335299B00DF004FB801 /* NetworkConfig.swift */; };
		2B993338299B02B1004FB801 /* Cancelable.swift in Sources */ = {isa = PBXBuildFile; fileRef = 2B993337299B02B1004FB801 /* Cancelable.swift */; };
		2B99333A299B02BF004FB801 /* ConnectionError.swift in Sources */ = {isa = PBXBuildFile; fileRef = 2B993339299B02BF004FB801 /* ConnectionError.swift */; };
		2B99333B299B02F2004FB801 /* ConnectionError.swift in Sources */ = {isa = PBXBuildFile; fileRef = 2B993339299B02BF004FB801 /* ConnectionError.swift */; };
		2B99333C299B02F2004FB801 /* Cancelable.swift in Sources */ = {isa = PBXBuildFile; fileRef = 2B993337299B02B1004FB801 /* Cancelable.swift */; };
		2B99333D299B0300004FB801 /* NetworkConfig.swift in Sources */ = {isa = PBXBuildFile; fileRef = 2B993335299B00DF004FB801 /* NetworkConfig.swift */; };
		2B99333E299B0300004FB801 /* Endpoint.swift in Sources */ = {isa = PBXBuildFile; fileRef = 2B993333299B00C7004FB801 /* Endpoint.swift */; };
		2B99333F299B0300004FB801 /* DataTransferService.swift in Sources */ = {isa = PBXBuildFile; fileRef = 2B993331299B008B004FB801 /* DataTransferService.swift */; };
		2B993340299B0300004FB801 /* NetworkService.swift in Sources */ = {isa = PBXBuildFile; fileRef = 2B99332F299AFFA0004FB801 /* NetworkService.swift */; };
		2B993342299B0578004FB801 /* AppConfigurations.swift in Sources */ = {isa = PBXBuildFile; fileRef = 2B993341299B0578004FB801 /* AppConfigurations.swift */; };
		2B9BCF11299AE412000186AB /* AppDelegate.swift in Sources */ = {isa = PBXBuildFile; fileRef = 2B9BCF10299AE412000186AB /* AppDelegate.swift */; };
		2B9BCF13299AE412000186AB /* SceneDelegate.swift in Sources */ = {isa = PBXBuildFile; fileRef = 2B9BCF12299AE412000186AB /* SceneDelegate.swift */; };
		2B9BCF15299AE412000186AB /* ViewController.swift in Sources */ = {isa = PBXBuildFile; fileRef = 2B9BCF14299AE412000186AB /* ViewController.swift */; };
		2B9BCF18299AE412000186AB /* Main.storyboard in Resources */ = {isa = PBXBuildFile; fileRef = 2B9BCF16299AE412000186AB /* Main.storyboard */; };
		2B9BCF1B299AE412000186AB /* GamesStore.xcdatamodeld in Sources */ = {isa = PBXBuildFile; fileRef = 2B9BCF19299AE412000186AB /* GamesStore.xcdatamodeld */; };
		2B9BCF1D299AE413000186AB /* Assets.xcassets in Resources */ = {isa = PBXBuildFile; fileRef = 2B9BCF1C299AE413000186AB /* Assets.xcassets */; };
		2B9BCF20299AE413000186AB /* LaunchScreen.storyboard in Resources */ = {isa = PBXBuildFile; fileRef = 2B9BCF1E299AE413000186AB /* LaunchScreen.storyboard */; };
		2B9BCF2B299AE414000186AB /* GamesStoreTests.swift in Sources */ = {isa = PBXBuildFile; fileRef = 2B9BCF2A299AE414000186AB /* GamesStoreTests.swift */; };
		2B9BCF35299AE414000186AB /* GamesStoreUITests.swift in Sources */ = {isa = PBXBuildFile; fileRef = 2B9BCF34299AE414000186AB /* GamesStoreUITests.swift */; };
		2B9BCF37299AE414000186AB /* GamesStoreUITestsLaunchTests.swift in Sources */ = {isa = PBXBuildFile; fileRef = 2B9BCF36299AE414000186AB /* GamesStoreUITestsLaunchTests.swift */; };
/* End PBXBuildFile section */

/* Begin PBXContainerItemProxy section */
		2B9BCF27299AE414000186AB /* PBXContainerItemProxy */ = {
			isa = PBXContainerItemProxy;
			containerPortal = 2B9BCF05299AE412000186AB /* Project object */;
			proxyType = 1;
			remoteGlobalIDString = 2B9BCF0C299AE412000186AB;
			remoteInfo = GamesStore;
		};
		2B9BCF31299AE414000186AB /* PBXContainerItemProxy */ = {
			isa = PBXContainerItemProxy;
			containerPortal = 2B9BCF05299AE412000186AB /* Project object */;
			proxyType = 1;
			remoteGlobalIDString = 2B9BCF0C299AE412000186AB;
			remoteInfo = GamesStore;
		};
/* End PBXContainerItemProxy section */

/* Begin PBXFileReference section */
		2B99332F299AFFA0004FB801 /* NetworkService.swift */ = {isa = PBXFileReference; lastKnownFileType = sourcecode.swift; path = NetworkService.swift; sourceTree = "<group>"; };
		2B993331299B008B004FB801 /* DataTransferService.swift */ = {isa = PBXFileReference; lastKnownFileType = sourcecode.swift; path = DataTransferService.swift; sourceTree = "<group>"; };
		2B993333299B00C7004FB801 /* Endpoint.swift */ = {isa = PBXFileReference; lastKnownFileType = sourcecode.swift; path = Endpoint.swift; sourceTree = "<group>"; };
		2B993335299B00DF004FB801 /* NetworkConfig.swift */ = {isa = PBXFileReference; lastKnownFileType = sourcecode.swift; path = NetworkConfig.swift; sourceTree = "<group>"; };
		2B993337299B02B1004FB801 /* Cancelable.swift */ = {isa = PBXFileReference; lastKnownFileType = sourcecode.swift; path = Cancelable.swift; sourceTree = "<group>"; };
		2B993339299B02BF004FB801 /* ConnectionError.swift */ = {isa = PBXFileReference; lastKnownFileType = sourcecode.swift; path = ConnectionError.swift; sourceTree = "<group>"; };
		2B993341299B0578004FB801 /* AppConfigurations.swift */ = {isa = PBXFileReference; lastKnownFileType = sourcecode.swift; path = AppConfigurations.swift; sourceTree = "<group>"; };
		2B9BCF0D299AE412000186AB /* GamesStore.app */ = {isa = PBXFileReference; explicitFileType = wrapper.application; includeInIndex = 0; path = GamesStore.app; sourceTree = BUILT_PRODUCTS_DIR; };
		2B9BCF10299AE412000186AB /* AppDelegate.swift */ = {isa = PBXFileReference; lastKnownFileType = sourcecode.swift; path = AppDelegate.swift; sourceTree = "<group>"; };
		2B9BCF12299AE412000186AB /* SceneDelegate.swift */ = {isa = PBXFileReference; lastKnownFileType = sourcecode.swift; path = SceneDelegate.swift; sourceTree = "<group>"; };
		2B9BCF14299AE412000186AB /* ViewController.swift */ = {isa = PBXFileReference; lastKnownFileType = sourcecode.swift; path = ViewController.swift; sourceTree = "<group>"; };
		2B9BCF17299AE412000186AB /* Base */ = {isa = PBXFileReference; lastKnownFileType = file.storyboard; name = Base; path = Base.lproj/Main.storyboard; sourceTree = "<group>"; };
		2B9BCF1A299AE412000186AB /* GamesStore.xcdatamodel */ = {isa = PBXFileReference; lastKnownFileType = wrapper.xcdatamodel; path = GamesStore.xcdatamodel; sourceTree = "<group>"; };
		2B9BCF1C299AE413000186AB /* Assets.xcassets */ = {isa = PBXFileReference; lastKnownFileType = folder.assetcatalog; path = Assets.xcassets; sourceTree = "<group>"; };
		2B9BCF1F299AE413000186AB /* Base */ = {isa = PBXFileReference; lastKnownFileType = file.storyboard; name = Base; path = Base.lproj/LaunchScreen.storyboard; sourceTree = "<group>"; };
		2B9BCF21299AE413000186AB /* Info.plist */ = {isa = PBXFileReference; lastKnownFileType = text.plist.xml; path = Info.plist; sourceTree = "<group>"; };
		2B9BCF26299AE414000186AB /* GamesStoreTests.xctest */ = {isa = PBXFileReference; explicitFileType = wrapper.cfbundle; includeInIndex = 0; path = GamesStoreTests.xctest; sourceTree = BUILT_PRODUCTS_DIR; };
		2B9BCF2A299AE414000186AB /* GamesStoreTests.swift */ = {isa = PBXFileReference; lastKnownFileType = sourcecode.swift; path = GamesStoreTests.swift; sourceTree = "<group>"; };
		2B9BCF30299AE414000186AB /* GamesStoreUITests.xctest */ = {isa = PBXFileReference; explicitFileType = wrapper.cfbundle; includeInIndex = 0; path = GamesStoreUITests.xctest; sourceTree = BUILT_PRODUCTS_DIR; };
		2B9BCF34299AE414000186AB /* GamesStoreUITests.swift */ = {isa = PBXFileReference; lastKnownFileType = sourcecode.swift; path = GamesStoreUITests.swift; sourceTree = "<group>"; };
		2B9BCF36299AE414000186AB /* GamesStoreUITestsLaunchTests.swift */ = {isa = PBXFileReference; lastKnownFileType = sourcecode.swift; path = GamesStoreUITestsLaunchTests.swift; sourceTree = "<group>"; };
/* End PBXFileReference section */

/* Begin PBXFrameworksBuildPhase section */
		2B9BCF0A299AE412000186AB /* Frameworks */ = {
			isa = PBXFrameworksBuildPhase;
			buildActionMask = 2147483647;
			files = (
			);
			runOnlyForDeploymentPostprocessing = 0;
		};
		2B9BCF23299AE414000186AB /* Frameworks */ = {
			isa = PBXFrameworksBuildPhase;
			buildActionMask = 2147483647;
			files = (
			);
			runOnlyForDeploymentPostprocessing = 0;
		};
		2B9BCF2D299AE414000186AB /* Frameworks */ = {
			isa = PBXFrameworksBuildPhase;
			buildActionMask = 2147483647;
			files = (
			);
			runOnlyForDeploymentPostprocessing = 0;
		};
/* End PBXFrameworksBuildPhase section */

/* Begin PBXGroup section */
		2B99331A299AEA3C004FB801 /* Application */ = {
			isa = PBXGroup;
			children = (
				2B9BCF12299AE412000186AB /* SceneDelegate.swift */,
				2B9BCF10299AE412000186AB /* AppDelegate.swift */,
				2B993341299B0578004FB801 /* AppConfigurations.swift */,
			);
			path = Application;
			sourceTree = "<group>";
		};
		2B99331B299AEA4F004FB801 /* Presentation */ = {
			isa = PBXGroup;
			children = (
				2B99331C299AEA6A004FB801 /* Utils */,
			);
			path = Presentation;
			sourceTree = "<group>";
		};
		2B99331C299AEA6A004FB801 /* Utils */ = {
			isa = PBXGroup;
			children = (
				2B99331E299AEA89004FB801 /* Protocols */,
				2B99331D299AEA7A004FB801 /* Extensions */,
			);
			path = Utils;
			sourceTree = "<group>";
		};
		2B99331D299AEA7A004FB801 /* Extensions */ = {
			isa = PBXGroup;
			children = (
			);
			path = Extensions;
			sourceTree = "<group>";
		};
		2B99331E299AEA89004FB801 /* Protocols */ = {
			isa = PBXGroup;
			children = (
			);
			path = Protocols;
			sourceTree = "<group>";
		};
		2B99331F299AEAA6004FB801 /* Domain */ = {
			isa = PBXGroup;
			children = (
				2B993322299AEF46004FB801 /* Interfaces */,
				2B993321299AEF1B004FB801 /* UseCase */,
				2B993320299AEF0F004FB801 /* Entities */,
			);
			path = Domain;
			sourceTree = "<group>";
		};
		2B993320299AEF0F004FB801 /* Entities */ = {
			isa = PBXGroup;
			children = (
			);
			path = Entities;
			sourceTree = "<group>";
		};
		2B993321299AEF1B004FB801 /* UseCase */ = {
			isa = PBXGroup;
			children = (
			);
			path = UseCase;
			sourceTree = "<group>";
		};
		2B993322299AEF46004FB801 /* Interfaces */ = {
			isa = PBXGroup;
			children = (
				2B993323299AEF51004FB801 /* Repositories */,
			);
			path = Interfaces;
			sourceTree = "<group>";
		};
		2B993323299AEF51004FB801 /* Repositories */ = {
			isa = PBXGroup;
			children = (
			);
			path = Repositories;
			sourceTree = "<group>";
		};
		2B993324299AEF75004FB801 /* Data */ = {
			isa = PBXGroup;
			children = (
				2B993329299AFDBB004FB801 /* PersistentStorages */,
				2B993327299AFD97004FB801 /* Network */,
				2B993326299AFD67004FB801 /* Utils */,
				2B993325299AEF88004FB801 /* Repositories */,
			);
			path = Data;
			sourceTree = "<group>";
		};
		2B993325299AEF88004FB801 /* Repositories */ = {
			isa = PBXGroup;
			children = (
			);
			path = Repositories;
			sourceTree = "<group>";
		};
		2B993326299AFD67004FB801 /* Utils */ = {
			isa = PBXGroup;
			children = (
			);
			path = Utils;
			sourceTree = "<group>";
		};
		2B993327299AFD97004FB801 /* Network */ = {
			isa = PBXGroup;
			children = (
				2B993328299AFDA6004FB801 /* DataMapping */,
			);
			path = Network;
			sourceTree = "<group>";
		};
		2B993328299AFDA6004FB801 /* DataMapping */ = {
			isa = PBXGroup;
			children = (
			);
			path = DataMapping;
			sourceTree = "<group>";
		};
		2B993329299AFDBB004FB801 /* PersistentStorages */ = {
			isa = PBXGroup;
			children = (
				2B99332E299AFE82004FB801 /* CoreDataStorage */,
				2B9BCF19299AE412000186AB /* GamesStore.xcdatamodeld */,
			);
			path = PersistentStorages;
			sourceTree = "<group>";
		};
		2B99332A299AFDCB004FB801 /* Infrastructure */ = {
			isa = PBXGroup;
			children = (
				2B99332B299AFDD9004FB801 /* Network */,
			);
			path = Infrastructure;
			sourceTree = "<group>";
		};
		2B99332B299AFDD9004FB801 /* Network */ = {
			isa = PBXGroup;
			children = (
				2B99332F299AFFA0004FB801 /* NetworkService.swift */,
				2B993331299B008B004FB801 /* DataTransferService.swift */,
				2B993333299B00C7004FB801 /* Endpoint.swift */,
				2B993335299B00DF004FB801 /* NetworkConfig.swift */,
			);
			path = Network;
			sourceTree = "<group>";
		};
		2B99332C299AFDE7004FB801 /* Common */ = {
			isa = PBXGroup;
			children = (
				2B993337299B02B1004FB801 /* Cancelable.swift */,
				2B993339299B02BF004FB801 /* ConnectionError.swift */,
			);
			path = Common;
			sourceTree = "<group>";
		};
		2B99332D299AFDF0004FB801 /* Resources */ = {
			isa = PBXGroup;
			children = (
				2B9BCF1E299AE413000186AB /* LaunchScreen.storyboard */,
				2B9BCF21299AE413000186AB /* Info.plist */,
				2B9BCF1C299AE413000186AB /* Assets.xcassets */,
			);
			path = Resources;
			sourceTree = "<group>";
		};
		2B99332E299AFE82004FB801 /* CoreDataStorage */ = {
			isa = PBXGroup;
			children = (
			);
			path = CoreDataStorage;
			sourceTree = "<group>";
		};
		2B9BCF04299AE412000186AB = {
			isa = PBXGroup;
			children = (
				2B9BCF0F299AE412000186AB /* GamesStore */,
				2B9BCF29299AE414000186AB /* GamesStoreTests */,
				2B9BCF33299AE414000186AB /* GamesStoreUITests */,
				2B9BCF0E299AE412000186AB /* Products */,
			);
			sourceTree = "<group>";
		};
		2B9BCF0E299AE412000186AB /* Products */ = {
			isa = PBXGroup;
			children = (
				2B9BCF0D299AE412000186AB /* GamesStore.app */,
				2B9BCF26299AE414000186AB /* GamesStoreTests.xctest */,
				2B9BCF30299AE414000186AB /* GamesStoreUITests.xctest */,
			);
			name = Products;
			sourceTree = "<group>";
		};
		2B9BCF0F299AE412000186AB /* GamesStore */ = {
			isa = PBXGroup;
			children = (
				2B99331A299AEA3C004FB801 /* Application */,
				2B99331B299AEA4F004FB801 /* Presentation */,
				2B99331F299AEAA6004FB801 /* Domain */,
				2B993324299AEF75004FB801 /* Data */,
				2B99332A299AFDCB004FB801 /* Infrastructure */,
				2B99332C299AFDE7004FB801 /* Common */,
				2B99332D299AFDF0004FB801 /* Resources */,
				2B9BCF14299AE412000186AB /* ViewController.swift */,
				2B9BCF16299AE412000186AB /* Main.storyboard */,
			);
			path = GamesStore;
			sourceTree = "<group>";
		};
		2B9BCF29299AE414000186AB /* GamesStoreTests */ = {
			isa = PBXGroup;
			children = (
				2B9BCF2A299AE414000186AB /* GamesStoreTests.swift */,
			);
			path = GamesStoreTests;
			sourceTree = "<group>";
		};
		2B9BCF33299AE414000186AB /* GamesStoreUITests */ = {
			isa = PBXGroup;
			children = (
				2B9BCF34299AE414000186AB /* GamesStoreUITests.swift */,
				2B9BCF36299AE414000186AB /* GamesStoreUITestsLaunchTests.swift */,
			);
			path = GamesStoreUITests;
			sourceTree = "<group>";
		};
/* End PBXGroup section */

/* Begin PBXNativeTarget section */
		2B9BCF0C299AE412000186AB /* GamesStore */ = {
			isa = PBXNativeTarget;
			buildConfigurationList = 2B9BCF3A299AE414000186AB /* Build configuration list for PBXNativeTarget "GamesStore" */;
			buildPhases = (
				2B9BCF09299AE412000186AB /* Sources */,
				2B9BCF0A299AE412000186AB /* Frameworks */,
				2B9BCF0B299AE412000186AB /* Resources */,
			);
			buildRules = (
			);
			dependencies = (
			);
			name = GamesStore;
			productName = GamesStore;
			productReference = 2B9BCF0D299AE412000186AB /* GamesStore.app */;
			productType = "com.apple.product-type.application";
		};
		2B9BCF25299AE414000186AB /* GamesStoreTests */ = {
			isa = PBXNativeTarget;
			buildConfigurationList = 2B9BCF3D299AE414000186AB /* Build configuration list for PBXNativeTarget "GamesStoreTests" */;
			buildPhases = (
				2B9BCF22299AE414000186AB /* Sources */,
				2B9BCF23299AE414000186AB /* Frameworks */,
				2B9BCF24299AE414000186AB /* Resources */,
			);
			buildRules = (
			);
			dependencies = (
				2B9BCF28299AE414000186AB /* PBXTargetDependency */,
			);
			name = GamesStoreTests;
			productName = GamesStoreTests;
			productReference = 2B9BCF26299AE414000186AB /* GamesStoreTests.xctest */;
			productType = "com.apple.product-type.bundle.unit-test";
		};
		2B9BCF2F299AE414000186AB /* GamesStoreUITests */ = {
			isa = PBXNativeTarget;
			buildConfigurationList = 2B9BCF40299AE414000186AB /* Build configuration list for PBXNativeTarget "GamesStoreUITests" */;
			buildPhases = (
				2B9BCF2C299AE414000186AB /* Sources */,
				2B9BCF2D299AE414000186AB /* Frameworks */,
				2B9BCF2E299AE414000186AB /* Resources */,
			);
			buildRules = (
			);
			dependencies = (
				2B9BCF32299AE414000186AB /* PBXTargetDependency */,
			);
			name = GamesStoreUITests;
			productName = GamesStoreUITests;
			productReference = 2B9BCF30299AE414000186AB /* GamesStoreUITests.xctest */;
			productType = "com.apple.product-type.bundle.ui-testing";
		};
/* End PBXNativeTarget section */

/* Begin PBXProject section */
		2B9BCF05299AE412000186AB /* Project object */ = {
			isa = PBXProject;
			attributes = {
				BuildIndependentTargetsInParallel = 1;
				LastSwiftUpdateCheck = 1420;
				LastUpgradeCheck = 1420;
				TargetAttributes = {
					2B9BCF0C299AE412000186AB = {
						CreatedOnToolsVersion = 14.2;
					};
					2B9BCF25299AE414000186AB = {
						CreatedOnToolsVersion = 14.2;
						TestTargetID = 2B9BCF0C299AE412000186AB;
					};
					2B9BCF2F299AE414000186AB = {
						CreatedOnToolsVersion = 14.2;
						TestTargetID = 2B9BCF0C299AE412000186AB;
					};
				};
			};
			buildConfigurationList = 2B9BCF08299AE412000186AB /* Build configuration list for PBXProject "GamesStore" */;
			compatibilityVersion = "Xcode 14.0";
			developmentRegion = en;
			hasScannedForEncodings = 0;
			knownRegions = (
				en,
				Base,
			);
			mainGroup = 2B9BCF04299AE412000186AB;
			productRefGroup = 2B9BCF0E299AE412000186AB /* Products */;
			projectDirPath = "";
			projectRoot = "";
			targets = (
				2B9BCF0C299AE412000186AB /* GamesStore */,
				2B9BCF25299AE414000186AB /* GamesStoreTests */,
				2B9BCF2F299AE414000186AB /* GamesStoreUITests */,
			);
		};
/* End PBXProject section */

/* Begin PBXResourcesBuildPhase section */
		2B9BCF0B299AE412000186AB /* Resources */ = {
			isa = PBXResourcesBuildPhase;
			buildActionMask = 2147483647;
			files = (
				2B9BCF20299AE413000186AB /* LaunchScreen.storyboard in Resources */,
				2B9BCF1D299AE413000186AB /* Assets.xcassets in Resources */,
				2B9BCF18299AE412000186AB /* Main.storyboard in Resources */,
			);
			runOnlyForDeploymentPostprocessing = 0;
		};
		2B9BCF24299AE414000186AB /* Resources */ = {
			isa = PBXResourcesBuildPhase;
			buildActionMask = 2147483647;
			files = (
			);
			runOnlyForDeploymentPostprocessing = 0;
		};
		2B9BCF2E299AE414000186AB /* Resources */ = {
			isa = PBXResourcesBuildPhase;
			buildActionMask = 2147483647;
			files = (
			);
			runOnlyForDeploymentPostprocessing = 0;
		};
/* End PBXResourcesBuildPhase section */

/* Begin PBXSourcesBuildPhase section */
		2B9BCF09299AE412000186AB /* Sources */ = {
			isa = PBXSourcesBuildPhase;
			buildActionMask = 2147483647;
			files = (
				2B993342299B0578004FB801 /* AppConfigurations.swift in Sources */,
				2B993334299B00C7004FB801 /* Endpoint.swift in Sources */,
				2B993332299B008B004FB801 /* DataTransferService.swift in Sources */,
				2B993330299AFFA0004FB801 /* NetworkService.swift in Sources */,
				2B9BCF15299AE412000186AB /* ViewController.swift in Sources */,
				2B9BCF1B299AE412000186AB /* GamesStore.xcdatamodeld in Sources */,
				2B9BCF11299AE412000186AB /* AppDelegate.swift in Sources */,
				2B993336299B00DF004FB801 /* NetworkConfig.swift in Sources */,
				2B993338299B02B1004FB801 /* Cancelable.swift in Sources */,
				2B99333A299B02BF004FB801 /* ConnectionError.swift in Sources */,
				2B9BCF13299AE412000186AB /* SceneDelegate.swift in Sources */,
			);
			runOnlyForDeploymentPostprocessing = 0;
		};
		2B9BCF22299AE414000186AB /* Sources */ = {
			isa = PBXSourcesBuildPhase;
			buildActionMask = 2147483647;
			files = (
				2B99333F299B0300004FB801 /* DataTransferService.swift in Sources */,
				2B99333B299B02F2004FB801 /* ConnectionError.swift in Sources */,
				2B99333C299B02F2004FB801 /* Cancelable.swift in Sources */,
				2B99333D299B0300004FB801 /* NetworkConfig.swift in Sources */,
				2B9BCF2B299AE414000186AB /* GamesStoreTests.swift in Sources */,
				2B99333E299B0300004FB801 /* Endpoint.swift in Sources */,
				2B993340299B0300004FB801 /* NetworkService.swift in Sources */,
			);
			runOnlyForDeploymentPostprocessing = 0;
		};
		2B9BCF2C299AE414000186AB /* Sources */ = {
			isa = PBXSourcesBuildPhase;
			buildActionMask = 2147483647;
			files = (
				2B9BCF37299AE414000186AB /* GamesStoreUITestsLaunchTests.swift in Sources */,
				2B9BCF35299AE414000186AB /* GamesStoreUITests.swift in Sources */,
			);
			runOnlyForDeploymentPostprocessing = 0;
		};
/* End PBXSourcesBuildPhase section */

/* Begin PBXTargetDependency section */
		2B9BCF28299AE414000186AB /* PBXTargetDependency */ = {
			isa = PBXTargetDependency;
			target = 2B9BCF0C299AE412000186AB /* GamesStore */;
			targetProxy = 2B9BCF27299AE414000186AB /* PBXContainerItemProxy */;
		};
		2B9BCF32299AE414000186AB /* PBXTargetDependency */ = {
			isa = PBXTargetDependency;
			target = 2B9BCF0C299AE412000186AB /* GamesStore */;
			targetProxy = 2B9BCF31299AE414000186AB /* PBXContainerItemProxy */;
		};
/* End PBXTargetDependency section */

/* Begin PBXVariantGroup section */
		2B9BCF16299AE412000186AB /* Main.storyboard */ = {
			isa = PBXVariantGroup;
			children = (
				2B9BCF17299AE412000186AB /* Base */,
			);
			name = Main.storyboard;
			sourceTree = "<group>";
		};
		2B9BCF1E299AE413000186AB /* LaunchScreen.storyboard */ = {
			isa = PBXVariantGroup;
			children = (
				2B9BCF1F299AE413000186AB /* Base */,
			);
			name = LaunchScreen.storyboard;
			sourceTree = "<group>";
		};
/* End PBXVariantGroup section */

/* Begin XCBuildConfiguration section */
		2B9BCF38299AE414000186AB /* Debug */ = {
			isa = XCBuildConfiguration;
			buildSettings = {
				ALWAYS_SEARCH_USER_PATHS = NO;
				CLANG_ANALYZER_NONNULL = YES;
				CLANG_ANALYZER_NUMBER_OBJECT_CONVERSION = YES_AGGRESSIVE;
				CLANG_CXX_LANGUAGE_STANDARD = "gnu++20";
				CLANG_ENABLE_MODULES = YES;
				CLANG_ENABLE_OBJC_ARC = YES;
				CLANG_ENABLE_OBJC_WEAK = YES;
				CLANG_WARN_BLOCK_CAPTURE_AUTORELEASING = YES;
				CLANG_WARN_BOOL_CONVERSION = YES;
				CLANG_WARN_COMMA = YES;
				CLANG_WARN_CONSTANT_CONVERSION = YES;
				CLANG_WARN_DEPRECATED_OBJC_IMPLEMENTATIONS = YES;
				CLANG_WARN_DIRECT_OBJC_ISA_USAGE = YES_ERROR;
				CLANG_WARN_DOCUMENTATION_COMMENTS = YES;
				CLANG_WARN_EMPTY_BODY = YES;
				CLANG_WARN_ENUM_CONVERSION = YES;
				CLANG_WARN_INFINITE_RECURSION = YES;
				CLANG_WARN_INT_CONVERSION = YES;
				CLANG_WARN_NON_LITERAL_NULL_CONVERSION = YES;
				CLANG_WARN_OBJC_IMPLICIT_RETAIN_SELF = YES;
				CLANG_WARN_OBJC_LITERAL_CONVERSION = YES;
				CLANG_WARN_OBJC_ROOT_CLASS = YES_ERROR;
				CLANG_WARN_QUOTED_INCLUDE_IN_FRAMEWORK_HEADER = YES;
				CLANG_WARN_RANGE_LOOP_ANALYSIS = YES;
				CLANG_WARN_STRICT_PROTOTYPES = YES;
				CLANG_WARN_SUSPICIOUS_MOVE = YES;
				CLANG_WARN_UNGUARDED_AVAILABILITY = YES_AGGRESSIVE;
				CLANG_WARN_UNREACHABLE_CODE = YES;
				CLANG_WARN__DUPLICATE_METHOD_MATCH = YES;
				COPY_PHASE_STRIP = NO;
				DEBUG_INFORMATION_FORMAT = dwarf;
				ENABLE_STRICT_OBJC_MSGSEND = YES;
				ENABLE_TESTABILITY = YES;
				GCC_C_LANGUAGE_STANDARD = gnu11;
				GCC_DYNAMIC_NO_PIC = NO;
				GCC_NO_COMMON_BLOCKS = YES;
				GCC_OPTIMIZATION_LEVEL = 0;
				GCC_PREPROCESSOR_DEFINITIONS = (
					"DEBUG=1",
					"$(inherited)",
				);
				GCC_WARN_64_TO_32_BIT_CONVERSION = YES;
				GCC_WARN_ABOUT_RETURN_TYPE = YES_ERROR;
				GCC_WARN_UNDECLARED_SELECTOR = YES;
				GCC_WARN_UNINITIALIZED_AUTOS = YES_AGGRESSIVE;
				GCC_WARN_UNUSED_FUNCTION = YES;
				GCC_WARN_UNUSED_VARIABLE = YES;
				IPHONEOS_DEPLOYMENT_TARGET = 16.2;
				MTL_ENABLE_DEBUG_INFO = INCLUDE_SOURCE;
				MTL_FAST_MATH = YES;
				ONLY_ACTIVE_ARCH = YES;
				SDKROOT = iphoneos;
				SWIFT_ACTIVE_COMPILATION_CONDITIONS = DEBUG;
				SWIFT_OPTIMIZATION_LEVEL = "-Onone";
			};
			name = Debug;
		};
		2B9BCF39299AE414000186AB /* Release */ = {
			isa = XCBuildConfiguration;
			buildSettings = {
				ALWAYS_SEARCH_USER_PATHS = NO;
				CLANG_ANALYZER_NONNULL = YES;
				CLANG_ANALYZER_NUMBER_OBJECT_CONVERSION = YES_AGGRESSIVE;
				CLANG_CXX_LANGUAGE_STANDARD = "gnu++20";
				CLANG_ENABLE_MODULES = YES;
				CLANG_ENABLE_OBJC_ARC = YES;
				CLANG_ENABLE_OBJC_WEAK = YES;
				CLANG_WARN_BLOCK_CAPTURE_AUTORELEASING = YES;
				CLANG_WARN_BOOL_CONVERSION = YES;
				CLANG_WARN_COMMA = YES;
				CLANG_WARN_CONSTANT_CONVERSION = YES;
				CLANG_WARN_DEPRECATED_OBJC_IMPLEMENTATIONS = YES;
				CLANG_WARN_DIRECT_OBJC_ISA_USAGE = YES_ERROR;
				CLANG_WARN_DOCUMENTATION_COMMENTS = YES;
				CLANG_WARN_EMPTY_BODY = YES;
				CLANG_WARN_ENUM_CONVERSION = YES;
				CLANG_WARN_INFINITE_RECURSION = YES;
				CLANG_WARN_INT_CONVERSION = YES;
				CLANG_WARN_NON_LITERAL_NULL_CONVERSION = YES;
				CLANG_WARN_OBJC_IMPLICIT_RETAIN_SELF = YES;
				CLANG_WARN_OBJC_LITERAL_CONVERSION = YES;
				CLANG_WARN_OBJC_ROOT_CLASS = YES_ERROR;
				CLANG_WARN_QUOTED_INCLUDE_IN_FRAMEWORK_HEADER = YES;
				CLANG_WARN_RANGE_LOOP_ANALYSIS = YES;
				CLANG_WARN_STRICT_PROTOTYPES = YES;
				CLANG_WARN_SUSPICIOUS_MOVE = YES;
				CLANG_WARN_UNGUARDED_AVAILABILITY = YES_AGGRESSIVE;
				CLANG_WARN_UNREACHABLE_CODE = YES;
				CLANG_WARN__DUPLICATE_METHOD_MATCH = YES;
				COPY_PHASE_STRIP = NO;
				DEBUG_INFORMATION_FORMAT = "dwarf-with-dsym";
				ENABLE_NS_ASSERTIONS = NO;
				ENABLE_STRICT_OBJC_MSGSEND = YES;
				GCC_C_LANGUAGE_STANDARD = gnu11;
				GCC_NO_COMMON_BLOCKS = YES;
				GCC_WARN_64_TO_32_BIT_CONVERSION = YES;
				GCC_WARN_ABOUT_RETURN_TYPE = YES_ERROR;
				GCC_WARN_UNDECLARED_SELECTOR = YES;
				GCC_WARN_UNINITIALIZED_AUTOS = YES_AGGRESSIVE;
				GCC_WARN_UNUSED_FUNCTION = YES;
				GCC_WARN_UNUSED_VARIABLE = YES;
				IPHONEOS_DEPLOYMENT_TARGET = 16.2;
				MTL_ENABLE_DEBUG_INFO = NO;
				MTL_FAST_MATH = YES;
				SDKROOT = iphoneos;
				SWIFT_COMPILATION_MODE = wholemodule;
				SWIFT_OPTIMIZATION_LEVEL = "-O";
				VALIDATE_PRODUCT = YES;
			};
			name = Release;
		};
		2B9BCF3B299AE414000186AB /* Debug */ = {
			isa = XCBuildConfiguration;
			buildSettings = {
				API_BASE_URL = "https://api.rawg.io";
				API_KEY = bf908926a1e1402b9fea0271c572ab7e;
				ASSETCATALOG_COMPILER_APPICON_NAME = AppIcon;
				ASSETCATALOG_COMPILER_GLOBAL_ACCENT_COLOR_NAME = AccentColor;
				CODE_SIGN_STYLE = Automatic;
				CURRENT_PROJECT_VERSION = 1;
				GENERATE_INFOPLIST_FILE = YES;
				INFOPLIST_FILE = GamesStore/Resources/Info.plist;
				INFOPLIST_KEY_UIApplicationSupportsIndirectInputEvents = YES;
				INFOPLIST_KEY_UILaunchStoryboardName = LaunchScreen;
				INFOPLIST_KEY_UIMainStoryboardFile = Main;
				INFOPLIST_KEY_UISupportedInterfaceOrientations_iPad = "UIInterfaceOrientationPortrait UIInterfaceOrientationPortraitUpsideDown UIInterfaceOrientationLandscapeLeft UIInterfaceOrientationLandscapeRight";
				INFOPLIST_KEY_UISupportedInterfaceOrientations_iPhone = "UIInterfaceOrientationPortrait UIInterfaceOrientationLandscapeLeft UIInterfaceOrientationLandscapeRight";
				IPHONEOS_DEPLOYMENT_TARGET = 11.0;
				LD_RUNPATH_SEARCH_PATHS = (
					"$(inherited)",
					"@executable_path/Frameworks",
				);
				MARKETING_VERSION = 1.0;
				PRODUCT_BUNDLE_IDENTIFIER = com.LA3EB.GamesStore;
				PRODUCT_NAME = "$(TARGET_NAME)";
				SWIFT_EMIT_LOC_STRINGS = YES;
				SWIFT_VERSION = 5.0;
				TARGETED_DEVICE_FAMILY = "1,2";
			};
			name = Debug;
		};
		2B9BCF3C299AE414000186AB /* Release */ = {
			isa = XCBuildConfiguration;
			buildSettings = {
				API_BASE_URL = "https://api.rawg.io";
				API_KEY = bf908926a1e1402b9fea0271c572ab7e;
				ASSETCATALOG_COMPILER_APPICON_NAME = AppIcon;
				ASSETCATALOG_COMPILER_GLOBAL_ACCENT_COLOR_NAME = AccentColor;
				CODE_SIGN_STYLE = Automatic;
				CURRENT_PROJECT_VERSION = 1;
				GENERATE_INFOPLIST_FILE = YES;
				INFOPLIST_FILE = GamesStore/Resources/Info.plist;
				INFOPLIST_KEY_UIApplicationSupportsIndirectInputEvents = YES;
				INFOPLIST_KEY_UILaunchStoryboardName = LaunchScreen;
				INFOPLIST_KEY_UIMainStoryboardFile = Main;
				INFOPLIST_KEY_UISupportedInterfaceOrientations_iPad = "UIInterfaceOrientationPortrait UIInterfaceOrientationPortraitUpsideDown UIInterfaceOrientationLandscapeLeft UIInterfaceOrientationLandscapeRight";
				INFOPLIST_KEY_UISupportedInterfaceOrientations_iPhone = "UIInterfaceOrientationPortrait UIInterfaceOrientationLandscapeLeft UIInterfaceOrientationLandscapeRight";
				IPHONEOS_DEPLOYMENT_TARGET = 11.0;
				LD_RUNPATH_SEARCH_PATHS = (
					"$(inherited)",
					"@executable_path/Frameworks",
				);
				MARKETING_VERSION = 1.0;
				PRODUCT_BUNDLE_IDENTIFIER = com.LA3EB.GamesStore;
				PRODUCT_NAME = "$(TARGET_NAME)";
				SWIFT_EMIT_LOC_STRINGS = YES;
				SWIFT_VERSION = 5.0;
				TARGETED_DEVICE_FAMILY = "1,2";
			};
			name = Release;
		};
		2B9BCF3E299AE414000186AB /* Debug */ = {
			isa = XCBuildConfiguration;
			buildSettings = {
				ALWAYS_EMBED_SWIFT_STANDARD_LIBRARIES = YES;
				BUNDLE_LOADER = "$(TEST_HOST)";
				CODE_SIGN_STYLE = Automatic;
				CURRENT_PROJECT_VERSION = 1;
				GENERATE_INFOPLIST_FILE = YES;
				IPHONEOS_DEPLOYMENT_TARGET = 16.2;
				MARKETING_VERSION = 1.0;
				PRODUCT_BUNDLE_IDENTIFIER = com.LA3EB.GamesStoreTests;
				PRODUCT_NAME = "$(TARGET_NAME)";
				SWIFT_EMIT_LOC_STRINGS = NO;
				SWIFT_VERSION = 5.0;
				TARGETED_DEVICE_FAMILY = "1,2";
				TEST_HOST = "$(BUILT_PRODUCTS_DIR)/GamesStore.app/$(BUNDLE_EXECUTABLE_FOLDER_PATH)/GamesStore";
			};
			name = Debug;
		};
		2B9BCF3F299AE414000186AB /* Release */ = {
			isa = XCBuildConfiguration;
			buildSettings = {
				ALWAYS_EMBED_SWIFT_STANDARD_LIBRARIES = YES;
				BUNDLE_LOADER = "$(TEST_HOST)";
				CODE_SIGN_STYLE = Automatic;
				CURRENT_PROJECT_VERSION = 1;
				GENERATE_INFOPLIST_FILE = YES;
				IPHONEOS_DEPLOYMENT_TARGET = 16.2;
				MARKETING_VERSION = 1.0;
				PRODUCT_BUNDLE_IDENTIFIER = com.LA3EB.GamesStoreTests;
				PRODUCT_NAME = "$(TARGET_NAME)";
				SWIFT_EMIT_LOC_STRINGS = NO;
				SWIFT_VERSION = 5.0;
				TARGETED_DEVICE_FAMILY = "1,2";
				TEST_HOST = "$(BUILT_PRODUCTS_DIR)/GamesStore.app/$(BUNDLE_EXECUTABLE_FOLDER_PATH)/GamesStore";
			};
			name = Release;
		};
		2B9BCF41299AE414000186AB /* Debug */ = {
			isa = XCBuildConfiguration;
			buildSettings = {
				ALWAYS_EMBED_SWIFT_STANDARD_LIBRARIES = YES;
				CODE_SIGN_STYLE = Automatic;
				CURRENT_PROJECT_VERSION = 1;
				GENERATE_INFOPLIST_FILE = YES;
				MARKETING_VERSION = 1.0;
				PRODUCT_BUNDLE_IDENTIFIER = com.LA3EB.GamesStoreUITests;
				PRODUCT_NAME = "$(TARGET_NAME)";
				SWIFT_EMIT_LOC_STRINGS = NO;
				SWIFT_VERSION = 5.0;
				TARGETED_DEVICE_FAMILY = "1,2";
				TEST_TARGET_NAME = GamesStore;
			};
			name = Debug;
		};
		2B9BCF42299AE414000186AB /* Release */ = {
			isa = XCBuildConfiguration;
			buildSettings = {
				ALWAYS_EMBED_SWIFT_STANDARD_LIBRARIES = YES;
				CODE_SIGN_STYLE = Automatic;
				CURRENT_PROJECT_VERSION = 1;
				GENERATE_INFOPLIST_FILE = YES;
				MARKETING_VERSION = 1.0;
				PRODUCT_BUNDLE_IDENTIFIER = com.LA3EB.GamesStoreUITests;
				PRODUCT_NAME = "$(TARGET_NAME)";
				SWIFT_EMIT_LOC_STRINGS = NO;
				SWIFT_VERSION = 5.0;
				TARGETED_DEVICE_FAMILY = "1,2";
				TEST_TARGET_NAME = GamesStore;
			};
			name = Release;
		};
/* End XCBuildConfiguration section */

/* Begin XCConfigurationList section */
		2B9BCF08299AE412000186AB /* Build configuration list for PBXProject "GamesStore" */ = {
			isa = XCConfigurationList;
			buildConfigurations = (
				2B9BCF38299AE414000186AB /* Debug */,
				2B9BCF39299AE414000186AB /* Release */,
			);
			defaultConfigurationIsVisible = 0;
			defaultConfigurationName = Release;
		};
		2B9BCF3A299AE414000186AB /* Build configuration list for PBXNativeTarget "GamesStore" */ = {
			isa = XCConfigurationList;
			buildConfigurations = (
				2B9BCF3B299AE414000186AB /* Debug */,
				2B9BCF3C299AE414000186AB /* Release */,
			);
			defaultConfigurationIsVisible = 0;
			defaultConfigurationName = Release;
		};
		2B9BCF3D299AE414000186AB /* Build configuration list for PBXNativeTarget "GamesStoreTests" */ = {
			isa = XCConfigurationList;
			buildConfigurations = (
				2B9BCF3E299AE414000186AB /* Debug */,
				2B9BCF3F299AE414000186AB /* Release */,
			);
			defaultConfigurationIsVisible = 0;
			defaultConfigurationName = Release;
		};
		2B9BCF40299AE414000186AB /* Build configuration list for PBXNativeTarget "GamesStoreUITests" */ = {
			isa = XCConfigurationList;
			buildConfigurations = (
				2B9BCF41299AE414000186AB /* Debug */,
				2B9BCF42299AE414000186AB /* Release */,
			);
			defaultConfigurationIsVisible = 0;
			defaultConfigurationName = Release;
		};
/* End XCConfigurationList section */

/* Begin XCVersionGroup section */
		2B9BCF19299AE412000186AB /* GamesStore.xcdatamodeld */ = {
			isa = XCVersionGroup;
			children = (
				2B9BCF1A299AE412000186AB /* GamesStore.xcdatamodel */,
			);
			currentVersion = 2B9BCF1A299AE412000186AB /* GamesStore.xcdatamodel */;
			path = GamesStore.xcdatamodeld;
			sourceTree = "<group>";
			versionGroupType = wrapper.xcdatamodel;
		};
/* End XCVersionGroup section */
	};
	rootObject = 2B9BCF05299AE412000186AB /* Project object */;
}
