// !$*UTF8*$!
{
	archiveVersion = 1;
	classes = {
	};
	objectVersion = 56;
	objects = {

/* Begin PBXBuildFile section */
		2B993330299AFFA0004FB801 /* NetworkService.swift in Sources */ = {isa = PBXBuildFile; fileRef = 2B99332F299AFFA0004FB801 /* NetworkService.swift */; };
		2B993332299B008B004FB801 /* DataTransferService.swift in Sources */ = {isa = PBXBuildFile; fileRef = 2B993331299B008B004FB801 /* DataTransferService.swift */; };
		2B993334299B00C7004FB801 /* Endpoint.swift in Sources */ = {isa = PBXBuildFile; fileRef = 2B993333299B00C7004FB801 /* Endpoint.swift */; };
		2B993336299B00DF004FB801 /* NetworkConfig.swift in Sources */ = {isa = PBXBuildFile; fileRef = 2B993335299B00DF004FB801 /* NetworkConfig.swift */; };
		2B993338299B02B1004FB801 /* Cancelable.swift in Sources */ = {isa = PBXBuildFile; fileRef = 2B993337299B02B1004FB801 /* Cancelable.swift */; };
		2B99333A299B02BF004FB801 /* ConnectionError.swift in Sources */ = {isa = PBXBuildFile; fileRef = 2B993339299B02BF004FB801 /* ConnectionError.swift */; };
		2B99333B299B02F2004FB801 /* ConnectionError.swift in Sources */ = {isa = PBXBuildFile; fileRef = 2B993339299B02BF004FB801 /* ConnectionError.swift */; };
		2B99333C299B02F2004FB801 /* Cancelable.swift in Sources */ = {isa = PBXBuildFile; fileRef = 2B993337299B02B1004FB801 /* Cancelable.swift */; };
		2B99333D299B0300004FB801 /* NetworkConfig.swift in Sources */ = {isa = PBXBuildFile; fileRef = 2B993335299B00DF004FB801 /* NetworkConfig.swift */; };
		2B99333E299B0300004FB801 /* Endpoint.swift in Sources */ = {isa = PBXBuildFile; fileRef = 2B993333299B00C7004FB801 /* Endpoint.swift */; };
		2B99333F299B0300004FB801 /* DataTransferService.swift in Sources */ = {isa = PBXBuildFile; fileRef = 2B993331299B008B004FB801 /* DataTransferService.swift */; };
		2B993340299B0300004FB801 /* NetworkService.swift in Sources */ = {isa = PBXBuildFile; fileRef = 2B99332F299AFFA0004FB801 /* NetworkService.swift */; };
		2B993342299B0578004FB801 /* AppConfigurations.swift in Sources */ = {isa = PBXBuildFile; fileRef = 2B993341299B0578004FB801 /* AppConfigurations.swift */; };
		2B9BCF11299AE412000186AB /* AppDelegate.swift in Sources */ = {isa = PBXBuildFile; fileRef = 2B9BCF10299AE412000186AB /* AppDelegate.swift */; };
		2B9BCF13299AE412000186AB /* SceneDelegate.swift in Sources */ = {isa = PBXBuildFile; fileRef = 2B9BCF12299AE412000186AB /* SceneDelegate.swift */; };
		2B9BCF15299AE412000186AB /* ViewController.swift in Sources */ = {isa = PBXBuildFile; fileRef = 2B9BCF14299AE412000186AB /* ViewController.swift */; };
		2B9BCF18299AE412000186AB /* Main.storyboard in Resources */ = {isa = PBXBuildFile; fileRef = 2B9BCF16299AE412000186AB /* Main.storyboard */; };
		2B9BCF1B299AE412000186AB /* GamesStore.xcdatamodeld in Sources */ = {isa = PBXBuildFile; fileRef = 2B9BCF19299AE412000186AB /* GamesStore.xcdatamodeld */; };
		2B9BCF1D299AE413000186AB /* Assets.xcassets in Resources */ = {isa = PBXBuildFile; fileRef = 2B9BCF1C299AE413000186AB /* Assets.xcassets */; };
		2B9BCF20299AE413000186AB /* LaunchScreen.storyboard in Resources */ = {isa = PBXBuildFile; fileRef = 2B9BCF1E299AE413000186AB /* LaunchScreen.storyboard */; };
		2B9BCF2B299AE414000186AB /* GamesStoreTests.swift in Sources */ = {isa = PBXBuildFile; fileRef = 2B9BCF2A299AE414000186AB /* GamesStoreTests.swift */; };
		2B9BCF35299AE414000186AB /* GamesStoreUITests.swift in Sources */ = {isa = PBXBuildFile; fileRef = 2B9BCF34299AE414000186AB /* GamesStoreUITests.swift */; };
		2B9BCF37299AE414000186AB /* GamesStoreUITestsLaunchTests.swift in Sources */ = {isa = PBXBuildFile; fileRef = 2B9BCF36299AE414000186AB /* GamesStoreUITestsLaunchTests.swift */; };
		2BAC1EF8299D689C000917F0 /* GamesRepository.swift in Sources */ = {isa = PBXBuildFile; fileRef = 2BAC1EF7299D689C000917F0 /* GamesRepository.swift */; };
		2BAC1EF9299D689C000917F0 /* GamesRepository.swift in Sources */ = {isa = PBXBuildFile; fileRef = 2BAC1EF7299D689C000917F0 /* GamesRepository.swift */; };
		2BAC1EFB299D68E9000917F0 /* GameQuery.swift in Sources */ = {isa = PBXBuildFile; fileRef = 2BAC1EFA299D68E9000917F0 /* GameQuery.swift */; };
		2BAC1EFC299D68E9000917F0 /* GameQuery.swift in Sources */ = {isa = PBXBuildFile; fileRef = 2BAC1EFA299D68E9000917F0 /* GameQuery.swift */; };
		2BAC1EFE299D6922000917F0 /* Game.swift in Sources */ = {isa = PBXBuildFile; fileRef = 2BAC1EFD299D6922000917F0 /* Game.swift */; };
		2BAC1EFF299D6922000917F0 /* Game.swift in Sources */ = {isa = PBXBuildFile; fileRef = 2BAC1EFD299D6922000917F0 /* Game.swift */; };
		2BAC1F03299D6D89000917F0 /* GameDetails.swift in Sources */ = {isa = PBXBuildFile; fileRef = 2BAC1F02299D6D89000917F0 /* GameDetails.swift */; };
		2BAC1F04299D6D89000917F0 /* GameDetails.swift in Sources */ = {isa = PBXBuildFile; fileRef = 2BAC1F02299D6D89000917F0 /* GameDetails.swift */; };
		2BAC1F06299D6E40000917F0 /* GameDetailsRequest.swift in Sources */ = {isa = PBXBuildFile; fileRef = 2BAC1F05299D6E40000917F0 /* GameDetailsRequest.swift */; };
		2BAC1F07299D6E40000917F0 /* GameDetailsRequest.swift in Sources */ = {isa = PBXBuildFile; fileRef = 2BAC1F05299D6E40000917F0 /* GameDetailsRequest.swift */; };
		2BAC1F09299D6FB2000917F0 /* GamesRequestDTO+Mapping.swift in Sources */ = {isa = PBXBuildFile; fileRef = 2BAC1F08299D6FB2000917F0 /* GamesRequestDTO+Mapping.swift */; };
		2BAC1F0A299D6FB2000917F0 /* GamesRequestDTO+Mapping.swift in Sources */ = {isa = PBXBuildFile; fileRef = 2BAC1F08299D6FB2000917F0 /* GamesRequestDTO+Mapping.swift */; };
		2BAC1F0C299D7019000917F0 /* GamesResponseDTO+Mapping.swift in Sources */ = {isa = PBXBuildFile; fileRef = 2BAC1F0B299D7019000917F0 /* GamesResponseDTO+Mapping.swift */; };
		2BAC1F0D299D7019000917F0 /* GamesResponseDTO+Mapping.swift in Sources */ = {isa = PBXBuildFile; fileRef = 2BAC1F0B299D7019000917F0 /* GamesResponseDTO+Mapping.swift */; };
		2BAC1F0F299D744A000917F0 /* GamesResponseStorage.swift in Sources */ = {isa = PBXBuildFile; fileRef = 2BAC1F0E299D744A000917F0 /* GamesResponseStorage.swift */; };
		2BAC1F10299D744A000917F0 /* GamesResponseStorage.swift in Sources */ = {isa = PBXBuildFile; fileRef = 2BAC1F0E299D744A000917F0 /* GamesResponseStorage.swift */; };
		2BAC1F12299D7498000917F0 /* CoreDataStorage.swift in Sources */ = {isa = PBXBuildFile; fileRef = 2BAC1F11299D7498000917F0 /* CoreDataStorage.swift */; };
		2BAC1F13299D7498000917F0 /* CoreDataStorage.swift in Sources */ = {isa = PBXBuildFile; fileRef = 2BAC1F11299D7498000917F0 /* CoreDataStorage.swift */; };
		2BAC1F16299D74DD000917F0 /* CoreDataGamesResponseStorage.swift in Sources */ = {isa = PBXBuildFile; fileRef = 2BAC1F15299D74DD000917F0 /* CoreDataGamesResponseStorage.swift */; };
		2BAC1F17299D74DD000917F0 /* CoreDataGamesResponseStorage.swift in Sources */ = {isa = PBXBuildFile; fileRef = 2BAC1F15299D74DD000917F0 /* CoreDataGamesResponseStorage.swift */; };
		2BCF0236299E77EA00BAEF6B /* GamesListViewModel.swift in Sources */ = {isa = PBXBuildFile; fileRef = 2BCF0235299E77EA00BAEF6B /* GamesListViewModel.swift */; };
		2BCF0237299E77EA00BAEF6B /* GamesListViewModel.swift in Sources */ = {isa = PBXBuildFile; fileRef = 2BCF0235299E77EA00BAEF6B /* GamesListViewModel.swift */; };
		2BCF0239299E787D00BAEF6B /* Observable.swift in Sources */ = {isa = PBXBuildFile; fileRef = 2BCF0238299E787D00BAEF6B /* Observable.swift */; };
		2BCF023A299E787D00BAEF6B /* Observable.swift in Sources */ = {isa = PBXBuildFile; fileRef = 2BCF0238299E787D00BAEF6B /* Observable.swift */; };
		2BCF023C299E78A600BAEF6B /* GamesListItemViewModel.swift in Sources */ = {isa = PBXBuildFile; fileRef = 2BCF023B299E78A600BAEF6B /* GamesListItemViewModel.swift */; };
		2BCF023D299E78A600BAEF6B /* GamesListItemViewModel.swift in Sources */ = {isa = PBXBuildFile; fileRef = 2BCF023B299E78A600BAEF6B /* GamesListItemViewModel.swift */; };
		2BCF023F299E802A00BAEF6B /* LoadingView.swift in Sources */ = {isa = PBXBuildFile; fileRef = 2BCF023E299E802A00BAEF6B /* LoadingView.swift */; };
		2BCF0240299E802A00BAEF6B /* LoadingView.swift in Sources */ = {isa = PBXBuildFile; fileRef = 2BCF023E299E802A00BAEF6B /* LoadingView.swift */; };
		2BCF0242299E813600BAEF6B /* Alertable.swift in Sources */ = {isa = PBXBuildFile; fileRef = 2BCF0241299E813600BAEF6B /* Alertable.swift */; };
		2BCF0243299E813600BAEF6B /* Alertable.swift in Sources */ = {isa = PBXBuildFile; fileRef = 2BCF0241299E813600BAEF6B /* Alertable.swift */; };
		2BCF0247299EA01B00BAEF6B /* GamesListItemCell.swift in Sources */ = {isa = PBXBuildFile; fileRef = 2BCF0245299EA01B00BAEF6B /* GamesListItemCell.swift */; };
		2BCF0248299EA01B00BAEF6B /* GamesListItemCell.swift in Sources */ = {isa = PBXBuildFile; fileRef = 2BCF0245299EA01B00BAEF6B /* GamesListItemCell.swift */; };
		2BCF0249299EA01B00BAEF6B /* GamesListItemCell.xib in Resources */ = {isa = PBXBuildFile; fileRef = 2BCF0246299EA01B00BAEF6B /* GamesListItemCell.xib */; };
		2BCF024A299EA01B00BAEF6B /* GamesListItemCell.xib in Resources */ = {isa = PBXBuildFile; fileRef = 2BCF0246299EA01B00BAEF6B /* GamesListItemCell.xib */; };
		2BCF024F299ED83400BAEF6B /* PosterImagesRepository.swift in Sources */ = {isa = PBXBuildFile; fileRef = 2BCF024E299ED83400BAEF6B /* PosterImagesRepository.swift */; };
		2BCF0250299ED83400BAEF6B /* PosterImagesRepository.swift in Sources */ = {isa = PBXBuildFile; fileRef = 2BCF024E299ED83400BAEF6B /* PosterImagesRepository.swift */; };
		2BCF0255299EEE4F00BAEF6B /* Colors.swift in Sources */ = {isa = PBXBuildFile; fileRef = 2BCF0254299EEE4F00BAEF6B /* Colors.swift */; };
		2BCF0256299EEE4F00BAEF6B /* Colors.swift in Sources */ = {isa = PBXBuildFile; fileRef = 2BCF0254299EEE4F00BAEF6B /* Colors.swift */; };
		2BD9F407299D7D2900DD2651 /* GamesResponseEntity+Mapping.swift in Sources */ = {isa = PBXBuildFile; fileRef = 2BD9F406299D7D2900DD2651 /* GamesResponseEntity+Mapping.swift */; };
		2BD9F408299D7D2900DD2651 /* GamesResponseEntity+Mapping.swift in Sources */ = {isa = PBXBuildFile; fileRef = 2BD9F406299D7D2900DD2651 /* GamesResponseEntity+Mapping.swift */; };
		2BD9F40A299D81CB00DD2651 /* DefaultGamesRepository.swift in Sources */ = {isa = PBXBuildFile; fileRef = 2BD9F409299D81CB00DD2651 /* DefaultGamesRepository.swift */; };
		2BD9F40B299D81CB00DD2651 /* DefaultGamesRepository.swift in Sources */ = {isa = PBXBuildFile; fileRef = 2BD9F409299D81CB00DD2651 /* DefaultGamesRepository.swift */; };
		2BD9F40D299D828700DD2651 /* RepositoryTask.swift in Sources */ = {isa = PBXBuildFile; fileRef = 2BD9F40C299D828700DD2651 /* RepositoryTask.swift */; };
		2BD9F40E299D828700DD2651 /* RepositoryTask.swift in Sources */ = {isa = PBXBuildFile; fileRef = 2BD9F40C299D828700DD2651 /* RepositoryTask.swift */; };
		2BD9F410299D837000DD2651 /* APIEndpoints.swift in Sources */ = {isa = PBXBuildFile; fileRef = 2BD9F40F299D837000DD2651 /* APIEndpoints.swift */; };
		2BD9F411299D837000DD2651 /* APIEndpoints.swift in Sources */ = {isa = PBXBuildFile; fileRef = 2BD9F40F299D837000DD2651 /* APIEndpoints.swift */; };
		2BD9F413299D850700DD2651 /* SearchGamesUseCase.swift in Sources */ = {isa = PBXBuildFile; fileRef = 2BD9F412299D850700DD2651 /* SearchGamesUseCase.swift */; };
		2BD9F414299D850700DD2651 /* SearchGamesUseCase.swift in Sources */ = {isa = PBXBuildFile; fileRef = 2BD9F412299D850700DD2651 /* SearchGamesUseCase.swift */; };
		2BD9F417299D8BA800DD2651 /* AppDIContainer.swift in Sources */ = {isa = PBXBuildFile; fileRef = 2BD9F416299D8BA800DD2651 /* AppDIContainer.swift */; };
		2BD9F418299D8BA800DD2651 /* AppDIContainer.swift in Sources */ = {isa = PBXBuildFile; fileRef = 2BD9F416299D8BA800DD2651 /* AppDIContainer.swift */; };
		2BD9F420299D9FDC00DD2651 /* FavViewController.swift in Sources */ = {isa = PBXBuildFile; fileRef = 2BD9F41E299D9FDC00DD2651 /* FavViewController.swift */; };
		2BD9F421299D9FDC00DD2651 /* FavViewController.swift in Sources */ = {isa = PBXBuildFile; fileRef = 2BD9F41E299D9FDC00DD2651 /* FavViewController.swift */; };
		2BD9F422299D9FDC00DD2651 /* FavViewController.xib in Resources */ = {isa = PBXBuildFile; fileRef = 2BD9F41F299D9FDC00DD2651 /* FavViewController.xib */; };
		2BD9F423299D9FDC00DD2651 /* FavViewController.xib in Resources */ = {isa = PBXBuildFile; fileRef = 2BD9F41F299D9FDC00DD2651 /* FavViewController.xib */; };
		2BD9F426299D9FED00DD2651 /* GamesListViewController.swift in Sources */ = {isa = PBXBuildFile; fileRef = 2BD9F424299D9FED00DD2651 /* GamesListViewController.swift */; };
		2BD9F427299D9FED00DD2651 /* GamesListViewController.swift in Sources */ = {isa = PBXBuildFile; fileRef = 2BD9F424299D9FED00DD2651 /* GamesListViewController.swift */; };
		2BD9F428299D9FED00DD2651 /* GamesListViewController.xib in Resources */ = {isa = PBXBuildFile; fileRef = 2BD9F425299D9FED00DD2651 /* GamesListViewController.xib */; };
		2BD9F429299D9FED00DD2651 /* GamesListViewController.xib in Resources */ = {isa = PBXBuildFile; fileRef = 2BD9F425299D9FED00DD2651 /* GamesListViewController.xib */; };
		2BD9F431299DA05800DD2651 /* MainBaseCoordinator.swift in Sources */ = {isa = PBXBuildFile; fileRef = 2BD9F430299DA05800DD2651 /* MainBaseCoordinator.swift */; };
		2BD9F432299DA05800DD2651 /* MainBaseCoordinator.swift in Sources */ = {isa = PBXBuildFile; fileRef = 2BD9F430299DA05800DD2651 /* MainBaseCoordinator.swift */; };
		2BD9F434299DA09800DD2651 /* Coordinator.swift in Sources */ = {isa = PBXBuildFile; fileRef = 2BD9F433299DA09800DD2651 /* Coordinator.swift */; };
		2BD9F435299DA09800DD2651 /* Coordinator.swift in Sources */ = {isa = PBXBuildFile; fileRef = 2BD9F433299DA09800DD2651 /* Coordinator.swift */; };
		2BD9F437299DA0C700DD2651 /* MainCoordinator.swift in Sources */ = {isa = PBXBuildFile; fileRef = 2BD9F436299DA0C700DD2651 /* MainCoordinator.swift */; };
		2BD9F438299DA0C700DD2651 /* MainCoordinator.swift in Sources */ = {isa = PBXBuildFile; fileRef = 2BD9F436299DA0C700DD2651 /* MainCoordinator.swift */; };
		2BD9F43A299DA11200DD2651 /* FavouriteListCoordinator.swift in Sources */ = {isa = PBXBuildFile; fileRef = 2BD9F439299DA11200DD2651 /* FavouriteListCoordinator.swift */; };
		2BD9F43B299DA11200DD2651 /* FavouriteListCoordinator.swift in Sources */ = {isa = PBXBuildFile; fileRef = 2BD9F439299DA11200DD2651 /* FavouriteListCoordinator.swift */; };
		2BD9F43D299DA12000DD2651 /* GamesListCoordinator.swift in Sources */ = {isa = PBXBuildFile; fileRef = 2BD9F43C299DA12000DD2651 /* GamesListCoordinator.swift */; };
		2BD9F43E299DA12000DD2651 /* GamesListCoordinator.swift in Sources */ = {isa = PBXBuildFile; fileRef = 2BD9F43C299DA12000DD2651 /* GamesListCoordinator.swift */; };
/* End PBXBuildFile section */

/* Begin PBXContainerItemProxy section */
		2B9BCF27299AE414000186AB /* PBXContainerItemProxy */ = {
			isa = PBXContainerItemProxy;
			containerPortal = 2B9BCF05299AE412000186AB /* Project object */;
			proxyType = 1;
			remoteGlobalIDString = 2B9BCF0C299AE412000186AB;
			remoteInfo = GamesStore;
		};
		2B9BCF31299AE414000186AB /* PBXContainerItemProxy */ = {
			isa = PBXContainerItemProxy;
			containerPortal = 2B9BCF05299AE412000186AB /* Project object */;
			proxyType = 1;
			remoteGlobalIDString = 2B9BCF0C299AE412000186AB;
			remoteInfo = GamesStore;
		};
/* End PBXContainerItemProxy section */

/* Begin PBXFileReference section */
		2B99332F299AFFA0004FB801 /* NetworkService.swift */ = {isa = PBXFileReference; lastKnownFileType = sourcecode.swift; path = NetworkService.swift; sourceTree = "<group>"; };
		2B993331299B008B004FB801 /* DataTransferService.swift */ = {isa = PBXFileReference; lastKnownFileType = sourcecode.swift; path = DataTransferService.swift; sourceTree = "<group>"; };
		2B993333299B00C7004FB801 /* Endpoint.swift */ = {isa = PBXFileReference; lastKnownFileType = sourcecode.swift; path = Endpoint.swift; sourceTree = "<group>"; };
		2B993335299B00DF004FB801 /* NetworkConfig.swift */ = {isa = PBXFileReference; lastKnownFileType = sourcecode.swift; path = NetworkConfig.swift; sourceTree = "<group>"; };
		2B993337299B02B1004FB801 /* Cancelable.swift */ = {isa = PBXFileReference; lastKnownFileType = sourcecode.swift; path = Cancelable.swift; sourceTree = "<group>"; };
		2B993339299B02BF004FB801 /* ConnectionError.swift */ = {isa = PBXFileReference; lastKnownFileType = sourcecode.swift; path = ConnectionError.swift; sourceTree = "<group>"; };
		2B993341299B0578004FB801 /* AppConfigurations.swift */ = {isa = PBXFileReference; lastKnownFileType = sourcecode.swift; path = AppConfigurations.swift; sourceTree = "<group>"; };
		2B9BCF0D299AE412000186AB /* GamesStore.app */ = {isa = PBXFileReference; explicitFileType = wrapper.application; includeInIndex = 0; path = GamesStore.app; sourceTree = BUILT_PRODUCTS_DIR; };
		2B9BCF10299AE412000186AB /* AppDelegate.swift */ = {isa = PBXFileReference; lastKnownFileType = sourcecode.swift; path = AppDelegate.swift; sourceTree = "<group>"; };
		2B9BCF12299AE412000186AB /* SceneDelegate.swift */ = {isa = PBXFileReference; lastKnownFileType = sourcecode.swift; path = SceneDelegate.swift; sourceTree = "<group>"; };
		2B9BCF14299AE412000186AB /* ViewController.swift */ = {isa = PBXFileReference; lastKnownFileType = sourcecode.swift; path = ViewController.swift; sourceTree = "<group>"; };
		2B9BCF17299AE412000186AB /* Base */ = {isa = PBXFileReference; lastKnownFileType = file.storyboard; name = Base; path = Base.lproj/Main.storyboard; sourceTree = "<group>"; };
		2B9BCF1A299AE412000186AB /* GamesStore.xcdatamodel */ = {isa = PBXFileReference; lastKnownFileType = wrapper.xcdatamodel; path = GamesStore.xcdatamodel; sourceTree = "<group>"; };
		2B9BCF1C299AE413000186AB /* Assets.xcassets */ = {isa = PBXFileReference; lastKnownFileType = folder.assetcatalog; path = Assets.xcassets; sourceTree = "<group>"; };
		2B9BCF1F299AE413000186AB /* Base */ = {isa = PBXFileReference; lastKnownFileType = file.storyboard; name = Base; path = Base.lproj/LaunchScreen.storyboard; sourceTree = "<group>"; };
		2B9BCF21299AE413000186AB /* Info.plist */ = {isa = PBXFileReference; lastKnownFileType = text.plist.xml; path = Info.plist; sourceTree = "<group>"; };
		2B9BCF26299AE414000186AB /* GamesStoreTests.xctest */ = {isa = PBXFileReference; explicitFileType = wrapper.cfbundle; includeInIndex = 0; path = GamesStoreTests.xctest; sourceTree = BUILT_PRODUCTS_DIR; };
		2B9BCF2A299AE414000186AB /* GamesStoreTests.swift */ = {isa = PBXFileReference; lastKnownFileType = sourcecode.swift; path = GamesStoreTests.swift; sourceTree = "<group>"; };
		2B9BCF30299AE414000186AB /* GamesStoreUITests.xctest */ = {isa = PBXFileReference; explicitFileType = wrapper.cfbundle; includeInIndex = 0; path = GamesStoreUITests.xctest; sourceTree = BUILT_PRODUCTS_DIR; };
		2B9BCF34299AE414000186AB /* GamesStoreUITests.swift */ = {isa = PBXFileReference; lastKnownFileType = sourcecode.swift; path = GamesStoreUITests.swift; sourceTree = "<group>"; };
		2B9BCF36299AE414000186AB /* GamesStoreUITestsLaunchTests.swift */ = {isa = PBXFileReference; lastKnownFileType = sourcecode.swift; path = GamesStoreUITestsLaunchTests.swift; sourceTree = "<group>"; };
		2BAC1EF7299D689C000917F0 /* GamesRepository.swift */ = {isa = PBXFileReference; lastKnownFileType = sourcecode.swift; path = GamesRepository.swift; sourceTree = "<group>"; };
		2BAC1EFA299D68E9000917F0 /* GameQuery.swift */ = {isa = PBXFileReference; lastKnownFileType = sourcecode.swift; path = GameQuery.swift; sourceTree = "<group>"; };
		2BAC1EFD299D6922000917F0 /* Game.swift */ = {isa = PBXFileReference; lastKnownFileType = sourcecode.swift; path = Game.swift; sourceTree = "<group>"; };
		2BAC1F02299D6D89000917F0 /* GameDetails.swift */ = {isa = PBXFileReference; lastKnownFileType = sourcecode.swift; path = GameDetails.swift; sourceTree = "<group>"; };
		2BAC1F05299D6E40000917F0 /* GameDetailsRequest.swift */ = {isa = PBXFileReference; lastKnownFileType = sourcecode.swift; path = GameDetailsRequest.swift; sourceTree = "<group>"; };
		2BAC1F08299D6FB2000917F0 /* GamesRequestDTO+Mapping.swift */ = {isa = PBXFileReference; lastKnownFileType = sourcecode.swift; path = "GamesRequestDTO+Mapping.swift"; sourceTree = "<group>"; };
		2BAC1F0B299D7019000917F0 /* GamesResponseDTO+Mapping.swift */ = {isa = PBXFileReference; lastKnownFileType = sourcecode.swift; path = "GamesResponseDTO+Mapping.swift"; sourceTree = "<group>"; };
		2BAC1F0E299D744A000917F0 /* GamesResponseStorage.swift */ = {isa = PBXFileReference; lastKnownFileType = sourcecode.swift; path = GamesResponseStorage.swift; sourceTree = "<group>"; };
		2BAC1F11299D7498000917F0 /* CoreDataStorage.swift */ = {isa = PBXFileReference; lastKnownFileType = sourcecode.swift; path = CoreDataStorage.swift; sourceTree = "<group>"; };
		2BAC1F15299D74DD000917F0 /* CoreDataGamesResponseStorage.swift */ = {isa = PBXFileReference; lastKnownFileType = sourcecode.swift; path = CoreDataGamesResponseStorage.swift; sourceTree = "<group>"; };
		2BCF0235299E77EA00BAEF6B /* GamesListViewModel.swift */ = {isa = PBXFileReference; lastKnownFileType = sourcecode.swift; path = GamesListViewModel.swift; sourceTree = "<group>"; };
		2BCF0238299E787D00BAEF6B /* Observable.swift */ = {isa = PBXFileReference; lastKnownFileType = sourcecode.swift; path = Observable.swift; sourceTree = "<group>"; };
		2BCF023B299E78A600BAEF6B /* GamesListItemViewModel.swift */ = {isa = PBXFileReference; lastKnownFileType = sourcecode.swift; path = GamesListItemViewModel.swift; sourceTree = "<group>"; };
		2BCF023E299E802A00BAEF6B /* LoadingView.swift */ = {isa = PBXFileReference; lastKnownFileType = sourcecode.swift; path = LoadingView.swift; sourceTree = "<group>"; };
		2BCF0241299E813600BAEF6B /* Alertable.swift */ = {isa = PBXFileReference; lastKnownFileType = sourcecode.swift; path = Alertable.swift; sourceTree = "<group>"; };
		2BCF0245299EA01B00BAEF6B /* GamesListItemCell.swift */ = {isa = PBXFileReference; lastKnownFileType = sourcecode.swift; path = GamesListItemCell.swift; sourceTree = "<group>"; };
		2BCF0246299EA01B00BAEF6B /* GamesListItemCell.xib */ = {isa = PBXFileReference; lastKnownFileType = file.xib; path = GamesListItemCell.xib; sourceTree = "<group>"; };
		2BCF024E299ED83400BAEF6B /* PosterImagesRepository.swift */ = {isa = PBXFileReference; lastKnownFileType = sourcecode.swift; path = PosterImagesRepository.swift; sourceTree = "<group>"; };
		2BCF0254299EEE4F00BAEF6B /* Colors.swift */ = {isa = PBXFileReference; lastKnownFileType = sourcecode.swift; path = Colors.swift; sourceTree = "<group>"; };
		2BD9F406299D7D2900DD2651 /* GamesResponseEntity+Mapping.swift */ = {isa = PBXFileReference; lastKnownFileType = sourcecode.swift; path = "GamesResponseEntity+Mapping.swift"; sourceTree = "<group>"; };
		2BD9F409299D81CB00DD2651 /* DefaultGamesRepository.swift */ = {isa = PBXFileReference; lastKnownFileType = sourcecode.swift; path = DefaultGamesRepository.swift; sourceTree = "<group>"; };
		2BD9F40C299D828700DD2651 /* RepositoryTask.swift */ = {isa = PBXFileReference; lastKnownFileType = sourcecode.swift; path = RepositoryTask.swift; sourceTree = "<group>"; };
		2BD9F40F299D837000DD2651 /* APIEndpoints.swift */ = {isa = PBXFileReference; lastKnownFileType = sourcecode.swift; path = APIEndpoints.swift; sourceTree = "<group>"; };
		2BD9F412299D850700DD2651 /* SearchGamesUseCase.swift */ = {isa = PBXFileReference; lastKnownFileType = sourcecode.swift; path = SearchGamesUseCase.swift; sourceTree = "<group>"; };
		2BD9F416299D8BA800DD2651 /* AppDIContainer.swift */ = {isa = PBXFileReference; lastKnownFileType = sourcecode.swift; path = AppDIContainer.swift; sourceTree = "<group>"; };
		2BD9F419299D911300DD2651 /* GamesStore 2.xcdatamodel */ = {isa = PBXFileReference; lastKnownFileType = wrapper.xcdatamodel; path = "GamesStore 2.xcdatamodel"; sourceTree = "<group>"; };
		2BD9F41E299D9FDC00DD2651 /* FavViewController.swift */ = {isa = PBXFileReference; lastKnownFileType = sourcecode.swift; path = FavViewController.swift; sourceTree = "<group>"; };
		2BD9F41F299D9FDC00DD2651 /* FavViewController.xib */ = {isa = PBXFileReference; lastKnownFileType = file.xib; path = FavViewController.xib; sourceTree = "<group>"; };
		2BD9F424299D9FED00DD2651 /* GamesListViewController.swift */ = {isa = PBXFileReference; lastKnownFileType = sourcecode.swift; path = GamesListViewController.swift; sourceTree = "<group>"; };
		2BD9F425299D9FED00DD2651 /* GamesListViewController.xib */ = {isa = PBXFileReference; lastKnownFileType = file.xib; path = GamesListViewController.xib; sourceTree = "<group>"; };
		2BD9F430299DA05800DD2651 /* MainBaseCoordinator.swift */ = {isa = PBXFileReference; lastKnownFileType = sourcecode.swift; path = MainBaseCoordinator.swift; sourceTree = "<group>"; };
		2BD9F433299DA09800DD2651 /* Coordinator.swift */ = {isa = PBXFileReference; lastKnownFileType = sourcecode.swift; path = Coordinator.swift; sourceTree = "<group>"; };
		2BD9F436299DA0C700DD2651 /* MainCoordinator.swift */ = {isa = PBXFileReference; lastKnownFileType = sourcecode.swift; path = MainCoordinator.swift; sourceTree = "<group>"; };
		2BD9F439299DA11200DD2651 /* FavouriteListCoordinator.swift */ = {isa = PBXFileReference; lastKnownFileType = sourcecode.swift; path = FavouriteListCoordinator.swift; sourceTree = "<group>"; };
		2BD9F43C299DA12000DD2651 /* GamesListCoordinator.swift */ = {isa = PBXFileReference; lastKnownFileType = sourcecode.swift; path = GamesListCoordinator.swift; sourceTree = "<group>"; };
/* End PBXFileReference section */

/* Begin PBXFrameworksBuildPhase section */
		2B9BCF0A299AE412000186AB /* Frameworks */ = {
			isa = PBXFrameworksBuildPhase;
			buildActionMask = 2147483647;
			files = (
			);
			runOnlyForDeploymentPostprocessing = 0;
		};
		2B9BCF23299AE414000186AB /* Frameworks */ = {
			isa = PBXFrameworksBuildPhase;
			buildActionMask = 2147483647;
			files = (
			);
			runOnlyForDeploymentPostprocessing = 0;
		};
		2B9BCF2D299AE414000186AB /* Frameworks */ = {
			isa = PBXFrameworksBuildPhase;
			buildActionMask = 2147483647;
			files = (
			);
			runOnlyForDeploymentPostprocessing = 0;
		};
/* End PBXFrameworksBuildPhase section */

/* Begin PBXGroup section */
		2B99331A299AEA3C004FB801 /* Application */ = {
			isa = PBXGroup;
			children = (
				2B9BCF12299AE412000186AB /* SceneDelegate.swift */,
				2B9BCF10299AE412000186AB /* AppDelegate.swift */,
				2B993341299B0578004FB801 /* AppConfigurations.swift */,
				2BD9F42F299DA04300DD2651 /* Coordinator */,
				2BD9F415299D8B9400DD2651 /* DIContainer */,
			);
			path = Application;
			sourceTree = "<group>";
		};
		2B99331B299AEA4F004FB801 /* Presentation */ = {
			isa = PBXGroup;
			children = (
				2BD9F41D299D9FBA00DD2651 /* FavouriteList */,
				2BD9F41A299D9B7900DD2651 /* GamesList */,
				2B99331C299AEA6A004FB801 /* Utils */,
			);
			path = Presentation;
			sourceTree = "<group>";
		};
		2B99331C299AEA6A004FB801 /* Utils */ = {
			isa = PBXGroup;
			children = (
				2B99331E299AEA89004FB801 /* Protocols */,
				2B99331D299AEA7A004FB801 /* Extensions */,
				2BCF0238299E787D00BAEF6B /* Observable.swift */,
				2BCF023E299E802A00BAEF6B /* LoadingView.swift */,
			);
			path = Utils;
			sourceTree = "<group>";
		};
		2B99331D299AEA7A004FB801 /* Extensions */ = {
			isa = PBXGroup;
			children = (
				2BCF0254299EEE4F00BAEF6B /* Colors.swift */,
			);
			path = Extensions;
			sourceTree = "<group>";
		};
		2B99331E299AEA89004FB801 /* Protocols */ = {
			isa = PBXGroup;
			children = (
				2BCF0241299E813600BAEF6B /* Alertable.swift */,
			);
			path = Protocols;
			sourceTree = "<group>";
		};
		2B99331F299AEAA6004FB801 /* Domain */ = {
			isa = PBXGroup;
			children = (
				2B993322299AEF46004FB801 /* Interfaces */,
				2B993321299AEF1B004FB801 /* UseCase */,
				2B993320299AEF0F004FB801 /* Entities */,
			);
			path = Domain;
			sourceTree = "<group>";
		};
		2B993320299AEF0F004FB801 /* Entities */ = {
			isa = PBXGroup;
			children = (
				2BAC1EFA299D68E9000917F0 /* GameQuery.swift */,
				2BAC1EFD299D6922000917F0 /* Game.swift */,
				2BAC1F02299D6D89000917F0 /* GameDetails.swift */,
				2BAC1F05299D6E40000917F0 /* GameDetailsRequest.swift */,
			);
			path = Entities;
			sourceTree = "<group>";
		};
		2B993321299AEF1B004FB801 /* UseCase */ = {
			isa = PBXGroup;
			children = (
				2BD9F412299D850700DD2651 /* SearchGamesUseCase.swift */,
			);
			path = UseCase;
			sourceTree = "<group>";
		};
		2B993322299AEF46004FB801 /* Interfaces */ = {
			isa = PBXGroup;
			children = (
				2B993323299AEF51004FB801 /* Repositories */,
			);
			path = Interfaces;
			sourceTree = "<group>";
		};
		2B993323299AEF51004FB801 /* Repositories */ = {
			isa = PBXGroup;
			children = (
				2BAC1EF7299D689C000917F0 /* GamesRepository.swift */,
				2BCF024E299ED83400BAEF6B /* PosterImagesRepository.swift */,
			);
			path = Repositories;
			sourceTree = "<group>";
		};
		2B993324299AEF75004FB801 /* Data */ = {
			isa = PBXGroup;
			children = (
				2B993329299AFDBB004FB801 /* PersistentStorages */,
				2B993327299AFD97004FB801 /* Network */,
				2B993326299AFD67004FB801 /* Utils */,
				2B993325299AEF88004FB801 /* Repositories */,
			);
			path = Data;
			sourceTree = "<group>";
		};
		2B993325299AEF88004FB801 /* Repositories */ = {
			isa = PBXGroup;
			children = (
				2BD9F409299D81CB00DD2651 /* DefaultGamesRepository.swift */,
			);
			path = Repositories;
			sourceTree = "<group>";
		};
		2B993326299AFD67004FB801 /* Utils */ = {
			isa = PBXGroup;
			children = (
				2BD9F40C299D828700DD2651 /* RepositoryTask.swift */,
			);
			path = Utils;
			sourceTree = "<group>";
		};
		2B993327299AFD97004FB801 /* Network */ = {
			isa = PBXGroup;
			children = (
				2B993328299AFDA6004FB801 /* DataMapping */,
				2BD9F40F299D837000DD2651 /* APIEndpoints.swift */,
			);
			path = Network;
			sourceTree = "<group>";
		};
		2B993328299AFDA6004FB801 /* DataMapping */ = {
			isa = PBXGroup;
			children = (
				2BAC1F08299D6FB2000917F0 /* GamesRequestDTO+Mapping.swift */,
				2BAC1F0B299D7019000917F0 /* GamesResponseDTO+Mapping.swift */,
			);
			path = DataMapping;
			sourceTree = "<group>";
		};
		2B993329299AFDBB004FB801 /* PersistentStorages */ = {
			isa = PBXGroup;
			children = (
				2BAC1F14299D74B4000917F0 /* GamesResponseStorage */,
				2B99332E299AFE82004FB801 /* CoreDataStorage */,
				2B9BCF19299AE412000186AB /* GamesStore.xcdatamodeld */,
			);
			path = PersistentStorages;
			sourceTree = "<group>";
		};
		2B99332A299AFDCB004FB801 /* Infrastructure */ = {
			isa = PBXGroup;
			children = (
				2B99332B299AFDD9004FB801 /* Network */,
			);
			path = Infrastructure;
			sourceTree = "<group>";
		};
		2B99332B299AFDD9004FB801 /* Network */ = {
			isa = PBXGroup;
			children = (
				2B99332F299AFFA0004FB801 /* NetworkService.swift */,
				2B993331299B008B004FB801 /* DataTransferService.swift */,
				2B993333299B00C7004FB801 /* Endpoint.swift */,
				2B993335299B00DF004FB801 /* NetworkConfig.swift */,
			);
			path = Network;
			sourceTree = "<group>";
		};
		2B99332C299AFDE7004FB801 /* Common */ = {
			isa = PBXGroup;
			children = (
				2B993337299B02B1004FB801 /* Cancelable.swift */,
				2B993339299B02BF004FB801 /* ConnectionError.swift */,
			);
			path = Common;
			sourceTree = "<group>";
		};
		2B99332D299AFDF0004FB801 /* Resources */ = {
			isa = PBXGroup;
			children = (
				2B9BCF1E299AE413000186AB /* LaunchScreen.storyboard */,
				2B9BCF21299AE413000186AB /* Info.plist */,
				2B9BCF1C299AE413000186AB /* Assets.xcassets */,
			);
			path = Resources;
			sourceTree = "<group>";
		};
		2B99332E299AFE82004FB801 /* CoreDataStorage */ = {
			isa = PBXGroup;
			children = (
				2BAC1F11299D7498000917F0 /* CoreDataStorage.swift */,
			);
			path = CoreDataStorage;
			sourceTree = "<group>";
		};
		2B9BCF04299AE412000186AB = {
			isa = PBXGroup;
			children = (
				2B9BCF0F299AE412000186AB /* GamesStore */,
				2B9BCF29299AE414000186AB /* GamesStoreTests */,
				2B9BCF33299AE414000186AB /* GamesStoreUITests */,
				2B9BCF0E299AE412000186AB /* Products */,
			);
			sourceTree = "<group>";
		};
		2B9BCF0E299AE412000186AB /* Products */ = {
			isa = PBXGroup;
			children = (
				2B9BCF0D299AE412000186AB /* GamesStore.app */,
				2B9BCF26299AE414000186AB /* GamesStoreTests.xctest */,
				2B9BCF30299AE414000186AB /* GamesStoreUITests.xctest */,
			);
			name = Products;
			sourceTree = "<group>";
		};
		2B9BCF0F299AE412000186AB /* GamesStore */ = {
			isa = PBXGroup;
			children = (
				2B99331A299AEA3C004FB801 /* Application */,
				2B99331B299AEA4F004FB801 /* Presentation */,
				2B99331F299AEAA6004FB801 /* Domain */,
				2B993324299AEF75004FB801 /* Data */,
				2B99332A299AFDCB004FB801 /* Infrastructure */,
				2B99332C299AFDE7004FB801 /* Common */,
				2B99332D299AFDF0004FB801 /* Resources */,
				2B9BCF14299AE412000186AB /* ViewController.swift */,
				2B9BCF16299AE412000186AB /* Main.storyboard */,
			);
			path = GamesStore;
			sourceTree = "<group>";
		};
		2B9BCF29299AE414000186AB /* GamesStoreTests */ = {
			isa = PBXGroup;
			children = (
				2B9BCF2A299AE414000186AB /* GamesStoreTests.swift */,
			);
			path = GamesStoreTests;
			sourceTree = "<group>";
		};
		2B9BCF33299AE414000186AB /* GamesStoreUITests */ = {
			isa = PBXGroup;
			children = (
				2B9BCF34299AE414000186AB /* GamesStoreUITests.swift */,
				2B9BCF36299AE414000186AB /* GamesStoreUITestsLaunchTests.swift */,
			);
			path = GamesStoreUITests;
			sourceTree = "<group>";
		};
		2BAC1F14299D74B4000917F0 /* GamesResponseStorage */ = {
			isa = PBXGroup;
			children = (
				2BAC1F0E299D744A000917F0 /* GamesResponseStorage.swift */,
				2BAC1F15299D74DD000917F0 /* CoreDataGamesResponseStorage.swift */,
				2BD9F405299D7D0B00DD2651 /* EntityMapping */,
			);
			path = GamesResponseStorage;
			sourceTree = "<group>";
		};
		2BCF0244299E9FF500BAEF6B /* cells */ = {
			isa = PBXGroup;
			children = (
				2BCF0245299EA01B00BAEF6B /* GamesListItemCell.swift */,
				2BCF0246299EA01B00BAEF6B /* GamesListItemCell.xib */,
			);
			path = cells;
			sourceTree = "<group>";
		};
		2BD9F405299D7D0B00DD2651 /* EntityMapping */ = {
			isa = PBXGroup;
			children = (
				2BD9F406299D7D2900DD2651 /* GamesResponseEntity+Mapping.swift */,
			);
			path = EntityMapping;
			sourceTree = "<group>";
		};
		2BD9F415299D8B9400DD2651 /* DIContainer */ = {
			isa = PBXGroup;
			children = (
				2BD9F416299D8BA800DD2651 /* AppDIContainer.swift */,
			);
			path = DIContainer;
			sourceTree = "<group>";
		};
		2BD9F41A299D9B7900DD2651 /* GamesList */ = {
			isa = PBXGroup;
			children = (
				2BD9F42E299DA01F00DD2651 /* Coordinator */,
				2BD9F41C299D9BA300DD2651 /* View */,
				2BD9F41B299D9B9D00DD2651 /* ViewModel */,
			);
			path = GamesList;
			sourceTree = "<group>";
		};
		2BD9F41B299D9B9D00DD2651 /* ViewModel */ = {
			isa = PBXGroup;
			children = (
				2BCF0235299E77EA00BAEF6B /* GamesListViewModel.swift */,
				2BCF023B299E78A600BAEF6B /* GamesListItemViewModel.swift */,
			);
			path = ViewModel;
			sourceTree = "<group>";
		};
		2BD9F41C299D9BA300DD2651 /* View */ = {
			isa = PBXGroup;
			children = (
				2BCF0244299E9FF500BAEF6B /* cells */,
				2BD9F424299D9FED00DD2651 /* GamesListViewController.swift */,
				2BD9F425299D9FED00DD2651 /* GamesListViewController.xib */,
			);
			path = View;
			sourceTree = "<group>";
		};
		2BD9F41D299D9FBA00DD2651 /* FavouriteList */ = {
			isa = PBXGroup;
			children = (
				2BD9F42D299DA01800DD2651 /* Coordinator */,
				2BD9F41E299D9FDC00DD2651 /* FavViewController.swift */,
				2BD9F41F299D9FDC00DD2651 /* FavViewController.xib */,
			);
			path = FavouriteList;
			sourceTree = "<group>";
		};
		2BD9F42D299DA01800DD2651 /* Coordinator */ = {
			isa = PBXGroup;
			children = (
				2BD9F439299DA11200DD2651 /* FavouriteListCoordinator.swift */,
			);
			path = Coordinator;
			sourceTree = "<group>";
		};
		2BD9F42E299DA01F00DD2651 /* Coordinator */ = {
			isa = PBXGroup;
			children = (
				2BD9F43C299DA12000DD2651 /* GamesListCoordinator.swift */,
			);
			path = Coordinator;
			sourceTree = "<group>";
		};
		2BD9F42F299DA04300DD2651 /* Coordinator */ = {
			isa = PBXGroup;
			children = (
				2BD9F430299DA05800DD2651 /* MainBaseCoordinator.swift */,
				2BD9F433299DA09800DD2651 /* Coordinator.swift */,
				2BD9F436299DA0C700DD2651 /* MainCoordinator.swift */,
			);
			path = Coordinator;
			sourceTree = "<group>";
		};
/* End PBXGroup section */

/* Begin PBXNativeTarget section */
		2B9BCF0C299AE412000186AB /* GamesStore */ = {
			isa = PBXNativeTarget;
			buildConfigurationList = 2B9BCF3A299AE414000186AB /* Build configuration list for PBXNativeTarget "GamesStore" */;
			buildPhases = (
				2B9BCF09299AE412000186AB /* Sources */,
				2B9BCF0A299AE412000186AB /* Frameworks */,
				2B9BCF0B299AE412000186AB /* Resources */,
			);
			buildRules = (
			);
			dependencies = (
			);
			name = GamesStore;
			productName = GamesStore;
			productReference = 2B9BCF0D299AE412000186AB /* GamesStore.app */;
			productType = "com.apple.product-type.application";
		};
		2B9BCF25299AE414000186AB /* GamesStoreTests */ = {
			isa = PBXNativeTarget;
			buildConfigurationList = 2B9BCF3D299AE414000186AB /* Build configuration list for PBXNativeTarget "GamesStoreTests" */;
			buildPhases = (
				2B9BCF22299AE414000186AB /* Sources */,
				2B9BCF23299AE414000186AB /* Frameworks */,
				2B9BCF24299AE414000186AB /* Resources */,
			);
			buildRules = (
			);
			dependencies = (
				2B9BCF28299AE414000186AB /* PBXTargetDependency */,
			);
			name = GamesStoreTests;
			productName = GamesStoreTests;
			productReference = 2B9BCF26299AE414000186AB /* GamesStoreTests.xctest */;
			productType = "com.apple.product-type.bundle.unit-test";
		};
		2B9BCF2F299AE414000186AB /* GamesStoreUITests */ = {
			isa = PBXNativeTarget;
			buildConfigurationList = 2B9BCF40299AE414000186AB /* Build configuration list for PBXNativeTarget "GamesStoreUITests" */;
			buildPhases = (
				2B9BCF2C299AE414000186AB /* Sources */,
				2B9BCF2D299AE414000186AB /* Frameworks */,
				2B9BCF2E299AE414000186AB /* Resources */,
			);
			buildRules = (
			);
			dependencies = (
				2B9BCF32299AE414000186AB /* PBXTargetDependency */,
			);
			name = GamesStoreUITests;
			productName = GamesStoreUITests;
			productReference = 2B9BCF30299AE414000186AB /* GamesStoreUITests.xctest */;
			productType = "com.apple.product-type.bundle.ui-testing";
		};
/* End PBXNativeTarget section */

/* Begin PBXProject section */
		2B9BCF05299AE412000186AB /* Project object */ = {
			isa = PBXProject;
			attributes = {
				BuildIndependentTargetsInParallel = 1;
				LastSwiftUpdateCheck = 1420;
				LastUpgradeCheck = 1420;
				TargetAttributes = {
					2B9BCF0C299AE412000186AB = {
						CreatedOnToolsVersion = 14.2;
					};
					2B9BCF25299AE414000186AB = {
						CreatedOnToolsVersion = 14.2;
						TestTargetID = 2B9BCF0C299AE412000186AB;
					};
					2B9BCF2F299AE414000186AB = {
						CreatedOnToolsVersion = 14.2;
						TestTargetID = 2B9BCF0C299AE412000186AB;
					};
				};
			};
			buildConfigurationList = 2B9BCF08299AE412000186AB /* Build configuration list for PBXProject "GamesStore" */;
			compatibilityVersion = "Xcode 14.0";
			developmentRegion = en;
			hasScannedForEncodings = 0;
			knownRegions = (
				en,
				Base,
			);
			mainGroup = 2B9BCF04299AE412000186AB;
			productRefGroup = 2B9BCF0E299AE412000186AB /* Products */;
			projectDirPath = "";
			projectRoot = "";
			targets = (
				2B9BCF0C299AE412000186AB /* GamesStore */,
				2B9BCF25299AE414000186AB /* GamesStoreTests */,
				2B9BCF2F299AE414000186AB /* GamesStoreUITests */,
			);
		};
/* End PBXProject section */

/* Begin PBXResourcesBuildPhase section */
		2B9BCF0B299AE412000186AB /* Resources */ = {
			isa = PBXResourcesBuildPhase;
			buildActionMask = 2147483647;
			files = (
				2BCF0249299EA01B00BAEF6B /* GamesListItemCell.xib in Resources */,
				2B9BCF20299AE413000186AB /* LaunchScreen.storyboard in Resources */,
				2B9BCF1D299AE413000186AB /* Assets.xcassets in Resources */,
				2BD9F422299D9FDC00DD2651 /* FavViewController.xib in Resources */,
				2BD9F428299D9FED00DD2651 /* GamesListViewController.xib in Resources */,
				2B9BCF18299AE412000186AB /* Main.storyboard in Resources */,
			);
			runOnlyForDeploymentPostprocessing = 0;
		};
		2B9BCF24299AE414000186AB /* Resources */ = {
			isa = PBXResourcesBuildPhase;
			buildActionMask = 2147483647;
			files = (
				2BCF024A299EA01B00BAEF6B /* GamesListItemCell.xib in Resources */,
				2BD9F429299D9FED00DD2651 /* GamesListViewController.xib in Resources */,
				2BD9F423299D9FDC00DD2651 /* FavViewController.xib in Resources */,
			);
			runOnlyForDeploymentPostprocessing = 0;
		};
		2B9BCF2E299AE414000186AB /* Resources */ = {
			isa = PBXResourcesBuildPhase;
			buildActionMask = 2147483647;
			files = (
			);
			runOnlyForDeploymentPostprocessing = 0;
		};
/* End PBXResourcesBuildPhase section */

/* Begin PBXSourcesBuildPhase section */
		2B9BCF09299AE412000186AB /* Sources */ = {
			isa = PBXSourcesBuildPhase;
			buildActionMask = 2147483647;
			files = (
				2BD9F410299D837000DD2651 /* APIEndpoints.swift in Sources */,
				2BAC1F12299D7498000917F0 /* CoreDataStorage.swift in Sources */,
				2BD9F420299D9FDC00DD2651 /* FavViewController.swift in Sources */,
				2BAC1F03299D6D89000917F0 /* GameDetails.swift in Sources */,
				2BCF0239299E787D00BAEF6B /* Observable.swift in Sources */,
				2BD9F431299DA05800DD2651 /* MainBaseCoordinator.swift in Sources */,
				2BD9F40D299D828700DD2651 /* RepositoryTask.swift in Sources */,
				2B993342299B0578004FB801 /* AppConfigurations.swift in Sources */,
				2BCF023C299E78A600BAEF6B /* GamesListItemViewModel.swift in Sources */,
				2BD9F413299D850700DD2651 /* SearchGamesUseCase.swift in Sources */,
				2BAC1EF8299D689C000917F0 /* GamesRepository.swift in Sources */,
				2BD9F426299D9FED00DD2651 /* GamesListViewController.swift in Sources */,
				2B993334299B00C7004FB801 /* Endpoint.swift in Sources */,
				2BD9F417299D8BA800DD2651 /* AppDIContainer.swift in Sources */,
				2BCF024F299ED83400BAEF6B /* PosterImagesRepository.swift in Sources */,
				2BD9F40A299D81CB00DD2651 /* DefaultGamesRepository.swift in Sources */,
				2B993332299B008B004FB801 /* DataTransferService.swift in Sources */,
				2B993330299AFFA0004FB801 /* NetworkService.swift in Sources */,
				2BCF023F299E802A00BAEF6B /* LoadingView.swift in Sources */,
				2BCF0247299EA01B00BAEF6B /* GamesListItemCell.swift in Sources */,
				2BCF0242299E813600BAEF6B /* Alertable.swift in Sources */,
				2B9BCF15299AE412000186AB /* ViewController.swift in Sources */,
				2BD9F43D299DA12000DD2651 /* GamesListCoordinator.swift in Sources */,
				2BD9F407299D7D2900DD2651 /* GamesResponseEntity+Mapping.swift in Sources */,
				2BAC1F0F299D744A000917F0 /* GamesResponseStorage.swift in Sources */,
				2B9BCF1B299AE412000186AB /* GamesStore.xcdatamodeld in Sources */,
				2BAC1F16299D74DD000917F0 /* CoreDataGamesResponseStorage.swift in Sources */,
				2B9BCF11299AE412000186AB /* AppDelegate.swift in Sources */,
				2BAC1F0C299D7019000917F0 /* GamesResponseDTO+Mapping.swift in Sources */,
				2BAC1F09299D6FB2000917F0 /* GamesRequestDTO+Mapping.swift in Sources */,
				2BCF0255299EEE4F00BAEF6B /* Colors.swift in Sources */,
				2BAC1EFB299D68E9000917F0 /* GameQuery.swift in Sources */,
				2BD9F434299DA09800DD2651 /* Coordinator.swift in Sources */,
				2BD9F437299DA0C700DD2651 /* MainCoordinator.swift in Sources */,
				2BD9F43A299DA11200DD2651 /* FavouriteListCoordinator.swift in Sources */,
				2BAC1EFE299D6922000917F0 /* Game.swift in Sources */,
				2B993336299B00DF004FB801 /* NetworkConfig.swift in Sources */,
				2BAC1F06299D6E40000917F0 /* GameDetailsRequest.swift in Sources */,
				2B993338299B02B1004FB801 /* Cancelable.swift in Sources */,
				2BCF0236299E77EA00BAEF6B /* GamesListViewModel.swift in Sources */,
				2B99333A299B02BF004FB801 /* ConnectionError.swift in Sources */,
				2B9BCF13299AE412000186AB /* SceneDelegate.swift in Sources */,
			);
			runOnlyForDeploymentPostprocessing = 0;
		};
		2B9BCF22299AE414000186AB /* Sources */ = {
			isa = PBXSourcesBuildPhase;
			buildActionMask = 2147483647;
			files = (
				2BAC1F04299D6D89000917F0 /* GameDetails.swift in Sources */,
				2BD9F438299DA0C700DD2651 /* MainCoordinator.swift in Sources */,
				2BCF0248299EA01B00BAEF6B /* GamesListItemCell.swift in Sources */,
				2BAC1F0D299D7019000917F0 /* GamesResponseDTO+Mapping.swift in Sources */,
				2BAC1F0A299D6FB2000917F0 /* GamesRequestDTO+Mapping.swift in Sources */,
				2B99333F299B0300004FB801 /* DataTransferService.swift in Sources */,
				2BD9F408299D7D2900DD2651 /* GamesResponseEntity+Mapping.swift in Sources */,
				2BAC1EFF299D6922000917F0 /* Game.swift in Sources */,
				2BD9F421299D9FDC00DD2651 /* FavViewController.swift in Sources */,
				2BD9F40E299D828700DD2651 /* RepositoryTask.swift in Sources */,
				2BD9F435299DA09800DD2651 /* Coordinator.swift in Sources */,
				2B99333B299B02F2004FB801 /* ConnectionError.swift in Sources */,
				2BAC1EFC299D68E9000917F0 /* GameQuery.swift in Sources */,
				2B99333C299B02F2004FB801 /* Cancelable.swift in Sources */,
				2BAC1F13299D7498000917F0 /* CoreDataStorage.swift in Sources */,
				2BCF023D299E78A600BAEF6B /* GamesListItemViewModel.swift in Sources */,
				2BD9F43E299DA12000DD2651 /* GamesListCoordinator.swift in Sources */,
				2B99333D299B0300004FB801 /* NetworkConfig.swift in Sources */,
				2BCF023A299E787D00BAEF6B /* Observable.swift in Sources */,
				2B9BCF2B299AE414000186AB /* GamesStoreTests.swift in Sources */,
				2BD9F432299DA05800DD2651 /* MainBaseCoordinator.swift in Sources */,
				2BD9F414299D850700DD2651 /* SearchGamesUseCase.swift in Sources */,
				2BCF0240299E802A00BAEF6B /* LoadingView.swift in Sources */,
				2BAC1F07299D6E40000917F0 /* GameDetailsRequest.swift in Sources */,
				2BAC1F10299D744A000917F0 /* GamesResponseStorage.swift in Sources */,
				2BD9F43B299DA11200DD2651 /* FavouriteListCoordinator.swift in Sources */,
				2BD9F418299D8BA800DD2651 /* AppDIContainer.swift in Sources */,
				2BD9F411299D837000DD2651 /* APIEndpoints.swift in Sources */,
				2BCF0237299E77EA00BAEF6B /* GamesListViewModel.swift in Sources */,
				2BAC1F17299D74DD000917F0 /* CoreDataGamesResponseStorage.swift in Sources */,
				2BCF0243299E813600BAEF6B /* Alertable.swift in Sources */,
				2BAC1EF9299D689C000917F0 /* GamesRepository.swift in Sources */,
				2B99333E299B0300004FB801 /* Endpoint.swift in Sources */,
				2BCF0256299EEE4F00BAEF6B /* Colors.swift in Sources */,
				2BCF0250299ED83400BAEF6B /* PosterImagesRepository.swift in Sources */,
				2BD9F40B299D81CB00DD2651 /* DefaultGamesRepository.swift in Sources */,
				2BD9F427299D9FED00DD2651 /* GamesListViewController.swift in Sources */,
				2B993340299B0300004FB801 /* NetworkService.swift in Sources */,
			);
			runOnlyForDeploymentPostprocessing = 0;
		};
		2B9BCF2C299AE414000186AB /* Sources */ = {
			isa = PBXSourcesBuildPhase;
			buildActionMask = 2147483647;
			files = (
				2B9BCF37299AE414000186AB /* GamesStoreUITestsLaunchTests.swift in Sources */,
				2B9BCF35299AE414000186AB /* GamesStoreUITests.swift in Sources */,
			);
			runOnlyForDeploymentPostprocessing = 0;
		};
/* End PBXSourcesBuildPhase section */

/* Begin PBXTargetDependency section */
		2B9BCF28299AE414000186AB /* PBXTargetDependency */ = {
			isa = PBXTargetDependency;
			target = 2B9BCF0C299AE412000186AB /* GamesStore */;
			targetProxy = 2B9BCF27299AE414000186AB /* PBXContainerItemProxy */;
		};
		2B9BCF32299AE414000186AB /* PBXTargetDependency */ = {
			isa = PBXTargetDependency;
			target = 2B9BCF0C299AE412000186AB /* GamesStore */;
			targetProxy = 2B9BCF31299AE414000186AB /* PBXContainerItemProxy */;
		};
/* End PBXTargetDependency section */

/* Begin PBXVariantGroup section */
		2B9BCF16299AE412000186AB /* Main.storyboard */ = {
			isa = PBXVariantGroup;
			children = (
				2B9BCF17299AE412000186AB /* Base */,
			);
			name = Main.storyboard;
			sourceTree = "<group>";
		};
		2B9BCF1E299AE413000186AB /* LaunchScreen.storyboard */ = {
			isa = PBXVariantGroup;
			children = (
				2B9BCF1F299AE413000186AB /* Base */,
			);
			name = LaunchScreen.storyboard;
			sourceTree = "<group>";
		};
/* End PBXVariantGroup section */

/* Begin XCBuildConfiguration section */
		2B9BCF38299AE414000186AB /* Debug */ = {
			isa = XCBuildConfiguration;
			buildSettings = {
				ALWAYS_SEARCH_USER_PATHS = NO;
				CLANG_ANALYZER_NONNULL = YES;
				CLANG_ANALYZER_NUMBER_OBJECT_CONVERSION = YES_AGGRESSIVE;
				CLANG_CXX_LANGUAGE_STANDARD = "gnu++20";
				CLANG_ENABLE_MODULES = YES;
				CLANG_ENABLE_OBJC_ARC = YES;
				CLANG_ENABLE_OBJC_WEAK = YES;
				CLANG_WARN_BLOCK_CAPTURE_AUTORELEASING = YES;
				CLANG_WARN_BOOL_CONVERSION = YES;
				CLANG_WARN_COMMA = YES;
				CLANG_WARN_CONSTANT_CONVERSION = YES;
				CLANG_WARN_DEPRECATED_OBJC_IMPLEMENTATIONS = YES;
				CLANG_WARN_DIRECT_OBJC_ISA_USAGE = YES_ERROR;
				CLANG_WARN_DOCUMENTATION_COMMENTS = YES;
				CLANG_WARN_EMPTY_BODY = YES;
				CLANG_WARN_ENUM_CONVERSION = YES;
				CLANG_WARN_INFINITE_RECURSION = YES;
				CLANG_WARN_INT_CONVERSION = YES;
				CLANG_WARN_NON_LITERAL_NULL_CONVERSION = YES;
				CLANG_WARN_OBJC_IMPLICIT_RETAIN_SELF = YES;
				CLANG_WARN_OBJC_LITERAL_CONVERSION = YES;
				CLANG_WARN_OBJC_ROOT_CLASS = YES_ERROR;
				CLANG_WARN_QUOTED_INCLUDE_IN_FRAMEWORK_HEADER = YES;
				CLANG_WARN_RANGE_LOOP_ANALYSIS = YES;
				CLANG_WARN_STRICT_PROTOTYPES = YES;
				CLANG_WARN_SUSPICIOUS_MOVE = YES;
				CLANG_WARN_UNGUARDED_AVAILABILITY = YES_AGGRESSIVE;
				CLANG_WARN_UNREACHABLE_CODE = YES;
				CLANG_WARN__DUPLICATE_METHOD_MATCH = YES;
				COPY_PHASE_STRIP = NO;
				DEBUG_INFORMATION_FORMAT = dwarf;
				ENABLE_STRICT_OBJC_MSGSEND = YES;
				ENABLE_TESTABILITY = YES;
				GCC_C_LANGUAGE_STANDARD = gnu11;
				GCC_DYNAMIC_NO_PIC = NO;
				GCC_NO_COMMON_BLOCKS = YES;
				GCC_OPTIMIZATION_LEVEL = 0;
				GCC_PREPROCESSOR_DEFINITIONS = (
					"DEBUG=1",
					"$(inherited)",
				);
				GCC_WARN_64_TO_32_BIT_CONVERSION = YES;
				GCC_WARN_ABOUT_RETURN_TYPE = YES_ERROR;
				GCC_WARN_UNDECLARED_SELECTOR = YES;
				GCC_WARN_UNINITIALIZED_AUTOS = YES_AGGRESSIVE;
				GCC_WARN_UNUSED_FUNCTION = YES;
				GCC_WARN_UNUSED_VARIABLE = YES;
				IPHONEOS_DEPLOYMENT_TARGET = 16.2;
				MTL_ENABLE_DEBUG_INFO = INCLUDE_SOURCE;
				MTL_FAST_MATH = YES;
				ONLY_ACTIVE_ARCH = YES;
				SDKROOT = iphoneos;
				SWIFT_ACTIVE_COMPILATION_CONDITIONS = DEBUG;
				SWIFT_OPTIMIZATION_LEVEL = "-Onone";
			};
			name = Debug;
		};
		2B9BCF39299AE414000186AB /* Release */ = {
			isa = XCBuildConfiguration;
			buildSettings = {
				ALWAYS_SEARCH_USER_PATHS = NO;
				CLANG_ANALYZER_NONNULL = YES;
				CLANG_ANALYZER_NUMBER_OBJECT_CONVERSION = YES_AGGRESSIVE;
				CLANG_CXX_LANGUAGE_STANDARD = "gnu++20";
				CLANG_ENABLE_MODULES = YES;
				CLANG_ENABLE_OBJC_ARC = YES;
				CLANG_ENABLE_OBJC_WEAK = YES;
				CLANG_WARN_BLOCK_CAPTURE_AUTORELEASING = YES;
				CLANG_WARN_BOOL_CONVERSION = YES;
				CLANG_WARN_COMMA = YES;
				CLANG_WARN_CONSTANT_CONVERSION = YES;
				CLANG_WARN_DEPRECATED_OBJC_IMPLEMENTATIONS = YES;
				CLANG_WARN_DIRECT_OBJC_ISA_USAGE = YES_ERROR;
				CLANG_WARN_DOCUMENTATION_COMMENTS = YES;
				CLANG_WARN_EMPTY_BODY = YES;
				CLANG_WARN_ENUM_CONVERSION = YES;
				CLANG_WARN_INFINITE_RECURSION = YES;
				CLANG_WARN_INT_CONVERSION = YES;
				CLANG_WARN_NON_LITERAL_NULL_CONVERSION = YES;
				CLANG_WARN_OBJC_IMPLICIT_RETAIN_SELF = YES;
				CLANG_WARN_OBJC_LITERAL_CONVERSION = YES;
				CLANG_WARN_OBJC_ROOT_CLASS = YES_ERROR;
				CLANG_WARN_QUOTED_INCLUDE_IN_FRAMEWORK_HEADER = YES;
				CLANG_WARN_RANGE_LOOP_ANALYSIS = YES;
				CLANG_WARN_STRICT_PROTOTYPES = YES;
				CLANG_WARN_SUSPICIOUS_MOVE = YES;
				CLANG_WARN_UNGUARDED_AVAILABILITY = YES_AGGRESSIVE;
				CLANG_WARN_UNREACHABLE_CODE = YES;
				CLANG_WARN__DUPLICATE_METHOD_MATCH = YES;
				COPY_PHASE_STRIP = NO;
				DEBUG_INFORMATION_FORMAT = "dwarf-with-dsym";
				ENABLE_NS_ASSERTIONS = NO;
				ENABLE_STRICT_OBJC_MSGSEND = YES;
				GCC_C_LANGUAGE_STANDARD = gnu11;
				GCC_NO_COMMON_BLOCKS = YES;
				GCC_WARN_64_TO_32_BIT_CONVERSION = YES;
				GCC_WARN_ABOUT_RETURN_TYPE = YES_ERROR;
				GCC_WARN_UNDECLARED_SELECTOR = YES;
				GCC_WARN_UNINITIALIZED_AUTOS = YES_AGGRESSIVE;
				GCC_WARN_UNUSED_FUNCTION = YES;
				GCC_WARN_UNUSED_VARIABLE = YES;
				IPHONEOS_DEPLOYMENT_TARGET = 16.2;
				MTL_ENABLE_DEBUG_INFO = NO;
				MTL_FAST_MATH = YES;
				SDKROOT = iphoneos;
				SWIFT_COMPILATION_MODE = wholemodule;
				SWIFT_OPTIMIZATION_LEVEL = "-O";
				VALIDATE_PRODUCT = YES;
			};
			name = Release;
		};
		2B9BCF3B299AE414000186AB /* Debug */ = {
			isa = XCBuildConfiguration;
			buildSettings = {
				API_BASE_URL = "https://api.rawg.io";
				API_KEY = bf908926a1e1402b9fea0271c572ab7e;
				ASSETCATALOG_COMPILER_APPICON_NAME = AppIcon;
				ASSETCATALOG_COMPILER_GLOBAL_ACCENT_COLOR_NAME = AccentColor;
				CODE_SIGN_STYLE = Automatic;
				CURRENT_PROJECT_VERSION = 1;
				GENERATE_INFOPLIST_FILE = YES;
				INFOPLIST_FILE = GamesStore/Resources/Info.plist;
				INFOPLIST_KEY_UIApplicationSupportsIndirectInputEvents = YES;
				INFOPLIST_KEY_UILaunchStoryboardName = LaunchScreen;
				INFOPLIST_KEY_UIMainStoryboardFile = Main;
				INFOPLIST_KEY_UISupportedInterfaceOrientations_iPad = "UIInterfaceOrientationPortrait UIInterfaceOrientationPortraitUpsideDown UIInterfaceOrientationLandscapeLeft UIInterfaceOrientationLandscapeRight";
				INFOPLIST_KEY_UISupportedInterfaceOrientations_iPhone = "UIInterfaceOrientationPortrait UIInterfaceOrientationLandscapeLeft UIInterfaceOrientationLandscapeRight";
				IPHONEOS_DEPLOYMENT_TARGET = 11.0;
				LD_RUNPATH_SEARCH_PATHS = (
					"$(inherited)",
					"@executable_path/Frameworks",
				);
				MARKETING_VERSION = 1.0;
				PRODUCT_BUNDLE_IDENTIFIER = com.LA3EB.GamesStore;
				PRODUCT_NAME = "$(TARGET_NAME)";
				SWIFT_EMIT_LOC_STRINGS = YES;
				SWIFT_VERSION = 5.0;
				TARGETED_DEVICE_FAMILY = "1,2";
			};
			name = Debug;
		};
		2B9BCF3C299AE414000186AB /* Release */ = {
			isa = XCBuildConfiguration;
			buildSettings = {
				API_BASE_URL = "https://api.rawg.io";
				API_KEY = bf908926a1e1402b9fea0271c572ab7e;
				ASSETCATALOG_COMPILER_APPICON_NAME = AppIcon;
				ASSETCATALOG_COMPILER_GLOBAL_ACCENT_COLOR_NAME = AccentColor;
				CODE_SIGN_STYLE = Automatic;
				CURRENT_PROJECT_VERSION = 1;
				GENERATE_INFOPLIST_FILE = YES;
				INFOPLIST_FILE = GamesStore/Resources/Info.plist;
				INFOPLIST_KEY_UIApplicationSupportsIndirectInputEvents = YES;
				INFOPLIST_KEY_UILaunchStoryboardName = LaunchScreen;
				INFOPLIST_KEY_UIMainStoryboardFile = Main;
				INFOPLIST_KEY_UISupportedInterfaceOrientations_iPad = "UIInterfaceOrientationPortrait UIInterfaceOrientationPortraitUpsideDown UIInterfaceOrientationLandscapeLeft UIInterfaceOrientationLandscapeRight";
				INFOPLIST_KEY_UISupportedInterfaceOrientations_iPhone = "UIInterfaceOrientationPortrait UIInterfaceOrientationLandscapeLeft UIInterfaceOrientationLandscapeRight";
				IPHONEOS_DEPLOYMENT_TARGET = 11.0;
				LD_RUNPATH_SEARCH_PATHS = (
					"$(inherited)",
					"@executable_path/Frameworks",
				);
				MARKETING_VERSION = 1.0;
				PRODUCT_BUNDLE_IDENTIFIER = com.LA3EB.GamesStore;
				PRODUCT_NAME = "$(TARGET_NAME)";
				SWIFT_EMIT_LOC_STRINGS = YES;
				SWIFT_VERSION = 5.0;
				TARGETED_DEVICE_FAMILY = "1,2";
			};
			name = Release;
		};
		2B9BCF3E299AE414000186AB /* Debug */ = {
			isa = XCBuildConfiguration;
			buildSettings = {
				ALWAYS_EMBED_SWIFT_STANDARD_LIBRARIES = YES;
				BUNDLE_LOADER = "$(TEST_HOST)";
				CODE_SIGN_STYLE = Automatic;
				CURRENT_PROJECT_VERSION = 1;
				GENERATE_INFOPLIST_FILE = YES;
				IPHONEOS_DEPLOYMENT_TARGET = 16.2;
				MARKETING_VERSION = 1.0;
				PRODUCT_BUNDLE_IDENTIFIER = com.LA3EB.GamesStoreTests;
				PRODUCT_NAME = "$(TARGET_NAME)";
				SWIFT_EMIT_LOC_STRINGS = NO;
				SWIFT_VERSION = 5.0;
				TARGETED_DEVICE_FAMILY = "1,2";
				TEST_HOST = "$(BUILT_PRODUCTS_DIR)/GamesStore.app/$(BUNDLE_EXECUTABLE_FOLDER_PATH)/GamesStore";
			};
			name = Debug;
		};
		2B9BCF3F299AE414000186AB /* Release */ = {
			isa = XCBuildConfiguration;
			buildSettings = {
				ALWAYS_EMBED_SWIFT_STANDARD_LIBRARIES = YES;
				BUNDLE_LOADER = "$(TEST_HOST)";
				CODE_SIGN_STYLE = Automatic;
				CURRENT_PROJECT_VERSION = 1;
				GENERATE_INFOPLIST_FILE = YES;
				IPHONEOS_DEPLOYMENT_TARGET = 16.2;
				MARKETING_VERSION = 1.0;
				PRODUCT_BUNDLE_IDENTIFIER = com.LA3EB.GamesStoreTests;
				PRODUCT_NAME = "$(TARGET_NAME)";
				SWIFT_EMIT_LOC_STRINGS = NO;
				SWIFT_VERSION = 5.0;
				TARGETED_DEVICE_FAMILY = "1,2";
				TEST_HOST = "$(BUILT_PRODUCTS_DIR)/GamesStore.app/$(BUNDLE_EXECUTABLE_FOLDER_PATH)/GamesStore";
			};
			name = Release;
		};
		2B9BCF41299AE414000186AB /* Debug */ = {
			isa = XCBuildConfiguration;
			buildSettings = {
				ALWAYS_EMBED_SWIFT_STANDARD_LIBRARIES = YES;
				CODE_SIGN_STYLE = Automatic;
				CURRENT_PROJECT_VERSION = 1;
				GENERATE_INFOPLIST_FILE = YES;
				MARKETING_VERSION = 1.0;
				PRODUCT_BUNDLE_IDENTIFIER = com.LA3EB.GamesStoreUITests;
				PRODUCT_NAME = "$(TARGET_NAME)";
				SWIFT_EMIT_LOC_STRINGS = NO;
				SWIFT_VERSION = 5.0;
				TARGETED_DEVICE_FAMILY = "1,2";
				TEST_TARGET_NAME = GamesStore;
			};
			name = Debug;
		};
		2B9BCF42299AE414000186AB /* Release */ = {
			isa = XCBuildConfiguration;
			buildSettings = {
				ALWAYS_EMBED_SWIFT_STANDARD_LIBRARIES = YES;
				CODE_SIGN_STYLE = Automatic;
				CURRENT_PROJECT_VERSION = 1;
				GENERATE_INFOPLIST_FILE = YES;
				MARKETING_VERSION = 1.0;
				PRODUCT_BUNDLE_IDENTIFIER = com.LA3EB.GamesStoreUITests;
				PRODUCT_NAME = "$(TARGET_NAME)";
				SWIFT_EMIT_LOC_STRINGS = NO;
				SWIFT_VERSION = 5.0;
				TARGETED_DEVICE_FAMILY = "1,2";
				TEST_TARGET_NAME = GamesStore;
			};
			name = Release;
		};
/* End XCBuildConfiguration section */

/* Begin XCConfigurationList section */
		2B9BCF08299AE412000186AB /* Build configuration list for PBXProject "GamesStore" */ = {
			isa = XCConfigurationList;
			buildConfigurations = (
				2B9BCF38299AE414000186AB /* Debug */,
				2B9BCF39299AE414000186AB /* Release */,
			);
			defaultConfigurationIsVisible = 0;
			defaultConfigurationName = Release;
		};
		2B9BCF3A299AE414000186AB /* Build configuration list for PBXNativeTarget "GamesStore" */ = {
			isa = XCConfigurationList;
			buildConfigurations = (
				2B9BCF3B299AE414000186AB /* Debug */,
				2B9BCF3C299AE414000186AB /* Release */,
			);
			defaultConfigurationIsVisible = 0;
			defaultConfigurationName = Release;
		};
		2B9BCF3D299AE414000186AB /* Build configuration list for PBXNativeTarget "GamesStoreTests" */ = {
			isa = XCConfigurationList;
			buildConfigurations = (
				2B9BCF3E299AE414000186AB /* Debug */,
				2B9BCF3F299AE414000186AB /* Release */,
			);
			defaultConfigurationIsVisible = 0;
			defaultConfigurationName = Release;
		};
		2B9BCF40299AE414000186AB /* Build configuration list for PBXNativeTarget "GamesStoreUITests" */ = {
			isa = XCConfigurationList;
			buildConfigurations = (
				2B9BCF41299AE414000186AB /* Debug */,
				2B9BCF42299AE414000186AB /* Release */,
			);
			defaultConfigurationIsVisible = 0;
			defaultConfigurationName = Release;
		};
/* End XCConfigurationList section */

/* Begin XCVersionGroup section */
		2B9BCF19299AE412000186AB /* GamesStore.xcdatamodeld */ = {
			isa = XCVersionGroup;
			children = (
				2BD9F419299D911300DD2651 /* GamesStore 2.xcdatamodel */,
				2B9BCF1A299AE412000186AB /* GamesStore.xcdatamodel */,
			);
			currentVersion = 2BD9F419299D911300DD2651 /* GamesStore 2.xcdatamodel */;
			path = GamesStore.xcdatamodeld;
			sourceTree = "<group>";
			versionGroupType = wrapper.xcdatamodel;
		};
/* End XCVersionGroup section */
	};
	rootObject = 2B9BCF05299AE412000186AB /* Project object */;
}
